// !$*UTF8*$!
{
	archiveVersion = 1;
	classes = {
	};
	objectVersion = 55;
	objects = {

/* Begin PBXBuildFile section */
		F621C7AA282F9C3200585FCA /* AppDelegate.swift in Sources */ = {isa = PBXBuildFile; fileRef = F621C7A9282F9C3200585FCA /* AppDelegate.swift */; };
		F621C7AC282F9C3200585FCA /* SceneDelegate.swift in Sources */ = {isa = PBXBuildFile; fileRef = F621C7AB282F9C3200585FCA /* SceneDelegate.swift */; };
		F621C7B1282F9C3200585FCA /* Main.storyboard in Resources */ = {isa = PBXBuildFile; fileRef = F621C7AF282F9C3200585FCA /* Main.storyboard */; };
		F621C7B3282F9C3300585FCA /* Assets.xcassets in Resources */ = {isa = PBXBuildFile; fileRef = F621C7B2282F9C3300585FCA /* Assets.xcassets */; };
		F621C7B6282F9C3300585FCA /* LaunchScreen.storyboard in Resources */ = {isa = PBXBuildFile; fileRef = F621C7B4282F9C3300585FCA /* LaunchScreen.storyboard */; };
		F621C7C1282F9C3300585FCA /* weather_locationTests.swift in Sources */ = {isa = PBXBuildFile; fileRef = F621C7C0282F9C3300585FCA /* weather_locationTests.swift */; };
		F621C7CB282F9C3300585FCA /* weather_locationUITests.swift in Sources */ = {isa = PBXBuildFile; fileRef = F621C7CA282F9C3300585FCA /* weather_locationUITests.swift */; };
		F621C7CD282F9C3300585FCA /* weather_locationUITestsLaunchTests.swift in Sources */ = {isa = PBXBuildFile; fileRef = F621C7CC282F9C3300585FCA /* weather_locationUITestsLaunchTests.swift */; };
		F621C7DA282F9C4D00585FCA /* WeatherViewController.swift in Sources */ = {isa = PBXBuildFile; fileRef = F621C7D9282F9C4D00585FCA /* WeatherViewController.swift */; };
/* End PBXBuildFile section */

/* Begin PBXContainerItemProxy section */
		F621C7BD282F9C3300585FCA /* PBXContainerItemProxy */ = {
			isa = PBXContainerItemProxy;
			containerPortal = F621C79E282F9C3200585FCA /* Project object */;
			proxyType = 1;
			remoteGlobalIDString = F621C7A5282F9C3200585FCA;
			remoteInfo = weather_location;
		};
		F621C7C7282F9C3300585FCA /* PBXContainerItemProxy */ = {
			isa = PBXContainerItemProxy;
			containerPortal = F621C79E282F9C3200585FCA /* Project object */;
			proxyType = 1;
			remoteGlobalIDString = F621C7A5282F9C3200585FCA;
			remoteInfo = weather_location;
		};
/* End PBXContainerItemProxy section */

/* Begin PBXFileReference section */
		F621C7A6282F9C3200585FCA /* weather_location.app */ = {isa = PBXFileReference; explicitFileType = wrapper.application; includeInIndex = 0; path = weather_location.app; sourceTree = BUILT_PRODUCTS_DIR; };
		F621C7A9282F9C3200585FCA /* AppDelegate.swift */ = {isa = PBXFileReference; lastKnownFileType = sourcecode.swift; path = AppDelegate.swift; sourceTree = "<group>"; };
		F621C7AB282F9C3200585FCA /* SceneDelegate.swift */ = {isa = PBXFileReference; lastKnownFileType = sourcecode.swift; path = SceneDelegate.swift; sourceTree = "<group>"; };
		F621C7B0282F9C3200585FCA /* Base */ = {isa = PBXFileReference; lastKnownFileType = file.storyboard; name = Base; path = Base.lproj/Main.storyboard; sourceTree = "<group>"; };
		F621C7B2282F9C3300585FCA /* Assets.xcassets */ = {isa = PBXFileReference; lastKnownFileType = folder.assetcatalog; path = Assets.xcassets; sourceTree = "<group>"; };
		F621C7B5282F9C3300585FCA /* Base */ = {isa = PBXFileReference; lastKnownFileType = file.storyboard; name = Base; path = Base.lproj/LaunchScreen.storyboard; sourceTree = "<group>"; };
		F621C7B7282F9C3300585FCA /* Info.plist */ = {isa = PBXFileReference; lastKnownFileType = text.plist.xml; path = Info.plist; sourceTree = "<group>"; };
		F621C7BC282F9C3300585FCA /* weather_locationTests.xctest */ = {isa = PBXFileReference; explicitFileType = wrapper.cfbundle; includeInIndex = 0; path = weather_locationTests.xctest; sourceTree = BUILT_PRODUCTS_DIR; };
		F621C7C0282F9C3300585FCA /* weather_locationTests.swift */ = {isa = PBXFileReference; lastKnownFileType = sourcecode.swift; path = weather_locationTests.swift; sourceTree = "<group>"; };
		F621C7C6282F9C3300585FCA /* weather_locationUITests.xctest */ = {isa = PBXFileReference; explicitFileType = wrapper.cfbundle; includeInIndex = 0; path = weather_locationUITests.xctest; sourceTree = BUILT_PRODUCTS_DIR; };
		F621C7CA282F9C3300585FCA /* weather_locationUITests.swift */ = {isa = PBXFileReference; lastKnownFileType = sourcecode.swift; path = weather_locationUITests.swift; sourceTree = "<group>"; };
		F621C7CC282F9C3300585FCA /* weather_locationUITestsLaunchTests.swift */ = {isa = PBXFileReference; lastKnownFileType = sourcecode.swift; path = weather_locationUITestsLaunchTests.swift; sourceTree = "<group>"; };
		F621C7D9282F9C4D00585FCA /* WeatherViewController.swift */ = {isa = PBXFileReference; lastKnownFileType = sourcecode.swift; path = WeatherViewController.swift; sourceTree = "<group>"; };
/* End PBXFileReference section */

/* Begin PBXFrameworksBuildPhase section */
		F621C7A3282F9C3200585FCA /* Frameworks */ = {
			isa = PBXFrameworksBuildPhase;
			buildActionMask = 2147483647;
			files = (
			);
			runOnlyForDeploymentPostprocessing = 0;
		};
		F621C7B9282F9C3300585FCA /* Frameworks */ = {
			isa = PBXFrameworksBuildPhase;
			buildActionMask = 2147483647;
			files = (
			);
			runOnlyForDeploymentPostprocessing = 0;
		};
		F621C7C3282F9C3300585FCA /* Frameworks */ = {
			isa = PBXFrameworksBuildPhase;
			buildActionMask = 2147483647;
			files = (
			);
			runOnlyForDeploymentPostprocessing = 0;
		};
/* End PBXFrameworksBuildPhase section */

/* Begin PBXGroup section */
		F621C79D282F9C3200585FCA = {
			isa = PBXGroup;
			children = (
				F621C7A8282F9C3200585FCA /* weather_location */,
				F621C7BF282F9C3300585FCA /* weather_locationTests */,
				F621C7C9282F9C3300585FCA /* weather_locationUITests */,
				F621C7A7282F9C3200585FCA /* Products */,
			);
			sourceTree = "<group>";
		};
		F621C7A7282F9C3200585FCA /* Products */ = {
			isa = PBXGroup;
			children = (
				F621C7A6282F9C3200585FCA /* weather_location.app */,
				F621C7BC282F9C3300585FCA /* weather_locationTests.xctest */,
				F621C7C6282F9C3300585FCA /* weather_locationUITests.xctest */,
			);
			name = Products;
			sourceTree = "<group>";
		};
		F621C7A8282F9C3200585FCA /* weather_location */ = {
			isa = PBXGroup;
			children = (
				F621C7A9282F9C3200585FCA /* AppDelegate.swift */,
				F621C7AB282F9C3200585FCA /* SceneDelegate.swift */,
				F621C7AF282F9C3200585FCA /* Main.storyboard */,
				F621C7D9282F9C4D00585FCA /* WeatherViewController.swift */,
				F621C7B2282F9C3300585FCA /* Assets.xcassets */,
				F621C7B4282F9C3300585FCA /* LaunchScreen.storyboard */,
				F621C7B7282F9C3300585FCA /* Info.plist */,
			);
			path = weather_location;
			sourceTree = "<group>";
		};
		F621C7BF282F9C3300585FCA /* weather_locationTests */ = {
			isa = PBXGroup;
			children = (
				F621C7C0282F9C3300585FCA /* weather_locationTests.swift */,
			);
			path = weather_locationTests;
			sourceTree = "<group>";
		};
		F621C7C9282F9C3300585FCA /* weather_locationUITests */ = {
			isa = PBXGroup;
			children = (
				F621C7CA282F9C3300585FCA /* weather_locationUITests.swift */,
				F621C7CC282F9C3300585FCA /* weather_locationUITestsLaunchTests.swift */,
			);
			path = weather_locationUITests;
			sourceTree = "<group>";
		};
/* End PBXGroup section */

/* Begin PBXNativeTarget section */
		F621C7A5282F9C3200585FCA /* weather_location */ = {
			isa = PBXNativeTarget;
			buildConfigurationList = F621C7D0282F9C3300585FCA /* Build configuration list for PBXNativeTarget "weather_location" */;
			buildPhases = (
				F621C7A2282F9C3200585FCA /* Sources */,
				F621C7A3282F9C3200585FCA /* Frameworks */,
				F621C7A4282F9C3200585FCA /* Resources */,
			);
			buildRules = (
			);
			dependencies = (
			);
			name = weather_location;
			productName = weather_location;
			productReference = F621C7A6282F9C3200585FCA /* weather_location.app */;
			productType = "com.apple.product-type.application";
		};
		F621C7BB282F9C3300585FCA /* weather_locationTests */ = {
			isa = PBXNativeTarget;
			buildConfigurationList = F621C7D3282F9C3300585FCA /* Build configuration list for PBXNativeTarget "weather_locationTests" */;
			buildPhases = (
				F621C7B8282F9C3300585FCA /* Sources */,
				F621C7B9282F9C3300585FCA /* Frameworks */,
				F621C7BA282F9C3300585FCA /* Resources */,
			);
			buildRules = (
			);
			dependencies = (
				F621C7BE282F9C3300585FCA /* PBXTargetDependency */,
			);
			name = weather_locationTests;
			productName = weather_locationTests;
			productReference = F621C7BC282F9C3300585FCA /* weather_locationTests.xctest */;
			productType = "com.apple.product-type.bundle.unit-test";
		};
		F621C7C5282F9C3300585FCA /* weather_locationUITests */ = {
			isa = PBXNativeTarget;
			buildConfigurationList = F621C7D6282F9C3300585FCA /* Build configuration list for PBXNativeTarget "weather_locationUITests" */;
			buildPhases = (
				F621C7C2282F9C3300585FCA /* Sources */,
				F621C7C3282F9C3300585FCA /* Frameworks */,
				F621C7C4282F9C3300585FCA /* Resources */,
			);
			buildRules = (
			);
			dependencies = (
				F621C7C8282F9C3300585FCA /* PBXTargetDependency */,
			);
			name = weather_locationUITests;
			productName = weather_locationUITests;
			productReference = F621C7C6282F9C3300585FCA /* weather_locationUITests.xctest */;
			productType = "com.apple.product-type.bundle.ui-testing";
		};
/* End PBXNativeTarget section */

/* Begin PBXProject section */
		F621C79E282F9C3200585FCA /* Project object */ = {
			isa = PBXProject;
			attributes = {
				BuildIndependentTargetsInParallel = 1;
				LastSwiftUpdateCheck = 1330;
				LastUpgradeCheck = 1330;
				TargetAttributes = {
					F621C7A5282F9C3200585FCA = {
						CreatedOnToolsVersion = 13.3.1;
					};
					F621C7BB282F9C3300585FCA = {
						CreatedOnToolsVersion = 13.3.1;
						TestTargetID = F621C7A5282F9C3200585FCA;
					};
					F621C7C5282F9C3300585FCA = {
						CreatedOnToolsVersion = 13.3.1;
						TestTargetID = F621C7A5282F9C3200585FCA;
					};
				};
			};
			buildConfigurationList = F621C7A1282F9C3200585FCA /* Build configuration list for PBXProject "weather_location" */;
			compatibilityVersion = "Xcode 13.0";
			developmentRegion = en;
			hasScannedForEncodings = 0;
			knownRegions = (
				en,
				Base,
			);
			mainGroup = F621C79D282F9C3200585FCA;
			productRefGroup = F621C7A7282F9C3200585FCA /* Products */;
			projectDirPath = "";
			projectRoot = "";
			targets = (
				F621C7A5282F9C3200585FCA /* weather_location */,
				F621C7BB282F9C3300585FCA /* weather_locationTests */,
				F621C7C5282F9C3300585FCA /* weather_locationUITests */,
			);
		};
/* End PBXProject section */

/* Begin PBXResourcesBuildPhase section */
		F621C7A4282F9C3200585FCA /* Resources */ = {
			isa = PBXResourcesBuildPhase;
			buildActionMask = 2147483647;
			files = (
				F621C7B6282F9C3300585FCA /* LaunchScreen.storyboard in Resources */,
				F621C7B3282F9C3300585FCA /* Assets.xcassets in Resources */,
				F621C7B1282F9C3200585FCA /* Main.storyboard in Resources */,
			);
			runOnlyForDeploymentPostprocessing = 0;
		};
		F621C7BA282F9C3300585FCA /* Resources */ = {
			isa = PBXResourcesBuildPhase;
			buildActionMask = 2147483647;
			files = (
			);
			runOnlyForDeploymentPostprocessing = 0;
		};
		F621C7C4282F9C3300585FCA /* Resources */ = {
			isa = PBXResourcesBuildPhase;
			buildActionMask = 2147483647;
			files = (
			);
			runOnlyForDeploymentPostprocessing = 0;
		};
/* End PBXResourcesBuildPhase section */

/* Begin PBXSourcesBuildPhase section */
		F621C7A2282F9C3200585FCA /* Sources */ = {
			isa = PBXSourcesBuildPhase;
			buildActionMask = 2147483647;
			files = (
				F621C7AA282F9C3200585FCA /* AppDelegate.swift in Sources */,
				F621C7DA282F9C4D00585FCA /* WeatherViewController.swift in Sources */,
				F621C7AC282F9C3200585FCA /* SceneDelegate.swift in Sources */,
			);
			runOnlyForDeploymentPostprocessing = 0;
		};
		F621C7B8282F9C3300585FCA /* Sources */ = {
			isa = PBXSourcesBuildPhase;
			buildActionMask = 2147483647;
			files = (
				F621C7C1282F9C3300585FCA /* weather_locationTests.swift in Sources */,
			);
			runOnlyForDeploymentPostprocessing = 0;
		};
		F621C7C2282F9C3300585FCA /* Sources */ = {
			isa = PBXSourcesBuildPhase;
			buildActionMask = 2147483647;
			files = (
				F621C7CD282F9C3300585FCA /* weather_locationUITestsLaunchTests.swift in Sources */,
				F621C7CB282F9C3300585FCA /* weather_locationUITests.swift in Sources */,
			);
			runOnlyForDeploymentPostprocessing = 0;
		};
/* End PBXSourcesBuildPhase section */

/* Begin PBXTargetDependency section */
		F621C7BE282F9C3300585FCA /* PBXTargetDependency */ = {
			isa = PBXTargetDependency;
			target = F621C7A5282F9C3200585FCA /* weather_location */;
			targetProxy = F621C7BD282F9C3300585FCA /* PBXContainerItemProxy */;
		};
		F621C7C8282F9C3300585FCA /* PBXTargetDependency */ = {
			isa = PBXTargetDependency;
			target = F621C7A5282F9C3200585FCA /* weather_location */;
			targetProxy = F621C7C7282F9C3300585FCA /* PBXContainerItemProxy */;
		};
/* End PBXTargetDependency section */

/* Begin PBXVariantGroup section */
		F621C7AF282F9C3200585FCA /* Main.storyboard */ = {
			isa = PBXVariantGroup;
			children = (
				F621C7B0282F9C3200585FCA /* Base */,
			);
			name = Main.storyboard;
			sourceTree = "<group>";
		};
		F621C7B4282F9C3300585FCA /* LaunchScreen.storyboard */ = {
			isa = PBXVariantGroup;
			children = (
				F621C7B5282F9C3300585FCA /* Base */,
			);
			name = LaunchScreen.storyboard;
			sourceTree = "<group>";
		};
/* End PBXVariantGroup section */

/* Begin XCBuildConfiguration section */
		F621C7CE282F9C3300585FCA /* Debug */ = {
			isa = XCBuildConfiguration;
			buildSettings = {
				ALWAYS_SEARCH_USER_PATHS = NO;
				CLANG_ANALYZER_NONNULL = YES;
				CLANG_ANALYZER_NUMBER_OBJECT_CONVERSION = YES_AGGRESSIVE;
				CLANG_CXX_LANGUAGE_STANDARD = "gnu++17";
				CLANG_ENABLE_MODULES = YES;
				CLANG_ENABLE_OBJC_ARC = YES;
				CLANG_ENABLE_OBJC_WEAK = YES;
				CLANG_WARN_BLOCK_CAPTURE_AUTORELEASING = YES;
				CLANG_WARN_BOOL_CONVERSION = YES;
				CLANG_WARN_COMMA = YES;
				CLANG_WARN_CONSTANT_CONVERSION = YES;
				CLANG_WARN_DEPRECATED_OBJC_IMPLEMENTATIONS = YES;
				CLANG_WARN_DIRECT_OBJC_ISA_USAGE = YES_ERROR;
				CLANG_WARN_DOCUMENTATION_COMMENTS = YES;
				CLANG_WARN_EMPTY_BODY = YES;
				CLANG_WARN_ENUM_CONVERSION = YES;
				CLANG_WARN_INFINITE_RECURSION = YES;
				CLANG_WARN_INT_CONVERSION = YES;
				CLANG_WARN_NON_LITERAL_NULL_CONVERSION = YES;
				CLANG_WARN_OBJC_IMPLICIT_RETAIN_SELF = YES;
				CLANG_WARN_OBJC_LITERAL_CONVERSION = YES;
				CLANG_WARN_OBJC_ROOT_CLASS = YES_ERROR;
				CLANG_WARN_QUOTED_INCLUDE_IN_FRAMEWORK_HEADER = YES;
				CLANG_WARN_RANGE_LOOP_ANALYSIS = YES;
				CLANG_WARN_STRICT_PROTOTYPES = YES;
				CLANG_WARN_SUSPICIOUS_MOVE = YES;
				CLANG_WARN_UNGUARDED_AVAILABILITY = YES_AGGRESSIVE;
				CLANG_WARN_UNREACHABLE_CODE = YES;
				CLANG_WARN__DUPLICATE_METHOD_MATCH = YES;
				COPY_PHASE_STRIP = NO;
				DEBUG_INFORMATION_FORMAT = dwarf;
				ENABLE_STRICT_OBJC_MSGSEND = YES;
				ENABLE_TESTABILITY = YES;
				GCC_C_LANGUAGE_STANDARD = gnu11;
				GCC_DYNAMIC_NO_PIC = NO;
				GCC_NO_COMMON_BLOCKS = YES;
				GCC_OPTIMIZATION_LEVEL = 0;
				GCC_PREPROCESSOR_DEFINITIONS = (
					"DEBUG=1",
					"$(inherited)",
				);
				GCC_WARN_64_TO_32_BIT_CONVERSION = YES;
				GCC_WARN_ABOUT_RETURN_TYPE = YES_ERROR;
				GCC_WARN_UNDECLARED_SELECTOR = YES;
				GCC_WARN_UNINITIALIZED_AUTOS = YES_AGGRESSIVE;
				GCC_WARN_UNUSED_FUNCTION = YES;
				GCC_WARN_UNUSED_VARIABLE = YES;
				IPHONEOS_DEPLOYMENT_TARGET = 15.4;
				MTL_ENABLE_DEBUG_INFO = INCLUDE_SOURCE;
				MTL_FAST_MATH = YES;
				ONLY_ACTIVE_ARCH = YES;
				SDKROOT = iphoneos;
				SWIFT_ACTIVE_COMPILATION_CONDITIONS = DEBUG;
				SWIFT_OPTIMIZATION_LEVEL = "-Onone";
			};
			name = Debug;
		};
		F621C7CF282F9C3300585FCA /* Release */ = {
			isa = XCBuildConfiguration;
			buildSettings = {
				ALWAYS_SEARCH_USER_PATHS = NO;
				CLANG_ANALYZER_NONNULL = YES;
				CLANG_ANALYZER_NUMBER_OBJECT_CONVERSION = YES_AGGRESSIVE;
				CLANG_CXX_LANGUAGE_STANDARD = "gnu++17";
				CLANG_ENABLE_MODULES = YES;
				CLANG_ENABLE_OBJC_ARC = YES;
				CLANG_ENABLE_OBJC_WEAK = YES;
				CLANG_WARN_BLOCK_CAPTURE_AUTORELEASING = YES;
				CLANG_WARN_BOOL_CONVERSION = YES;
				CLANG_WARN_COMMA = YES;
				CLANG_WARN_CONSTANT_CONVERSION = YES;
				CLANG_WARN_DEPRECATED_OBJC_IMPLEMENTATIONS = YES;
				CLANG_WARN_DIRECT_OBJC_ISA_USAGE = YES_ERROR;
				CLANG_WARN_DOCUMENTATION_COMMENTS = YES;
				CLANG_WARN_EMPTY_BODY = YES;
				CLANG_WARN_ENUM_CONVERSION = YES;
				CLANG_WARN_INFINITE_RECURSION = YES;
				CLANG_WARN_INT_CONVERSION = YES;
				CLANG_WARN_NON_LITERAL_NULL_CONVERSION = YES;
				CLANG_WARN_OBJC_IMPLICIT_RETAIN_SELF = YES;
				CLANG_WARN_OBJC_LITERAL_CONVERSION = YES;
				CLANG_WARN_OBJC_ROOT_CLASS = YES_ERROR;
				CLANG_WARN_QUOTED_INCLUDE_IN_FRAMEWORK_HEADER = YES;
				CLANG_WARN_RANGE_LOOP_ANALYSIS = YES;
				CLANG_WARN_STRICT_PROTOTYPES = YES;
				CLANG_WARN_SUSPICIOUS_MOVE = YES;
				CLANG_WARN_UNGUARDED_AVAILABILITY = YES_AGGRESSIVE;
				CLANG_WARN_UNREACHABLE_CODE = YES;
				CLANG_WARN__DUPLICATE_METHOD_MATCH = YES;
				COPY_PHASE_STRIP = NO;
				DEBUG_INFORMATION_FORMAT = "dwarf-with-dsym";
				ENABLE_NS_ASSERTIONS = NO;
				ENABLE_STRICT_OBJC_MSGSEND = YES;
				GCC_C_LANGUAGE_STANDARD = gnu11;
				GCC_NO_COMMON_BLOCKS = YES;
				GCC_WARN_64_TO_32_BIT_CONVERSION = YES;
				GCC_WARN_ABOUT_RETURN_TYPE = YES_ERROR;
				GCC_WARN_UNDECLARED_SELECTOR = YES;
				GCC_WARN_UNINITIALIZED_AUTOS = YES_AGGRESSIVE;
				GCC_WARN_UNUSED_FUNCTION = YES;
				GCC_WARN_UNUSED_VARIABLE = YES;
				IPHONEOS_DEPLOYMENT_TARGET = 15.4;
				MTL_ENABLE_DEBUG_INFO = NO;
				MTL_FAST_MATH = YES;
				SDKROOT = iphoneos;
				SWIFT_COMPILATION_MODE = wholemodule;
				SWIFT_OPTIMIZATION_LEVEL = "-O";
				VALIDATE_PRODUCT = YES;
			};
			name = Release;
		};
		F621C7D1282F9C3300585FCA /* Debug */ = {
			isa = XCBuildConfiguration;
			buildSettings = {
				ASSETCATALOG_COMPILER_APPICON_NAME = AppIcon;
				ASSETCATALOG_COMPILER_GLOBAL_ACCENT_COLOR_NAME = AccentColor;
				CODE_SIGN_STYLE = Automatic;
				CURRENT_PROJECT_VERSION = 1;
				GENERATE_INFOPLIST_FILE = YES;
				INFOPLIST_FILE = weather_location/Info.plist;
				INFOPLIST_KEY_UIApplicationSupportsIndirectInputEvents = YES;
				INFOPLIST_KEY_UILaunchStoryboardName = LaunchScreen;
				INFOPLIST_KEY_UIMainStoryboardFile = Main;
				INFOPLIST_KEY_UISupportedInterfaceOrientations_iPad = "UIInterfaceOrientationPortrait UIInterfaceOrientationPortraitUpsideDown UIInterfaceOrientationLandscapeLeft UIInterfaceOrientationLandscapeRight";
				INFOPLIST_KEY_UISupportedInterfaceOrientations_iPhone = "UIInterfaceOrientationPortrait UIInterfaceOrientationLandscapeLeft UIInterfaceOrientationLandscapeRight";
				LD_RUNPATH_SEARCH_PATHS = (
					"$(inherited)",
					"@executable_path/Frameworks",
				);
				MARKETING_VERSION = 1.0;
				PRODUCT_BUNDLE_IDENTIFIER = "SeungHui.Huh.weather-location";
				PRODUCT_NAME = "$(TARGET_NAME)";
				SWIFT_EMIT_LOC_STRINGS = YES;
				SWIFT_VERSION = 5.0;
				TARGETED_DEVICE_FAMILY = "1,2";
			};
			name = Debug;
		};
		F621C7D2282F9C3300585FCA /* Release */ = {
			isa = XCBuildConfiguration;
			buildSettings = {
				ASSETCATALOG_COMPILER_APPICON_NAME = AppIcon;
				ASSETCATALOG_COMPILER_GLOBAL_ACCENT_COLOR_NAME = AccentColor;
				CODE_SIGN_STYLE = Automatic;
				CURRENT_PROJECT_VERSION = 1;
				GENERATE_INFOPLIST_FILE = YES;
				INFOPLIST_FILE = weather_location/Info.plist;
				INFOPLIST_KEY_UIApplicationSupportsIndirectInputEvents = YES;
				INFOPLIST_KEY_UILaunchStoryboardName = LaunchScreen;
				INFOPLIST_KEY_UIMainStoryboardFile = Main;
				INFOPLIST_KEY_UISupportedInterfaceOrientations_iPad = "UIInterfaceOrientationPortrait UIInterfaceOrientationPortraitUpsideDown UIInterfaceOrientationLandscapeLeft UIInterfaceOrientationLandscapeRight";
				INFOPLIST_KEY_UISupportedInterfaceOrientations_iPhone = "UIInterfaceOrientationPortrait UIInterfaceOrientationLandscapeLeft UIInterfaceOrientationLandscapeRight";
				LD_RUNPATH_SEARCH_PATHS = (
					"$(inherited)",
					"@executable_path/Frameworks",
				);
				MARKETING_VERSION = 1.0;
				PRODUCT_BUNDLE_IDENTIFIER = "SeungHui.Huh.weather-location";
				PRODUCT_NAME = "$(TARGET_NAME)";
				SWIFT_EMIT_LOC_STRINGS = YES;
				SWIFT_VERSION = 5.0;
				TARGETED_DEVICE_FAMILY = "1,2";
			};
			name = Release;
		};
		F621C7D4282F9C3300585FCA /* Debug */ = {
			isa = XCBuildConfiguration;
			buildSettings = {
				ALWAYS_EMBED_SWIFT_STANDARD_LIBRARIES = YES;
				BUNDLE_LOADER = "$(TEST_HOST)";
				CODE_SIGN_STYLE = Automatic;
				CURRENT_PROJECT_VERSION = 1;
				GENERATE_INFOPLIST_FILE = YES;
				IPHONEOS_DEPLOYMENT_TARGET = 15.4;
				MARKETING_VERSION = 1.0;
				PRODUCT_BUNDLE_IDENTIFIER = "SeungHui.Huh.weather-locationTests";
				PRODUCT_NAME = "$(TARGET_NAME)";
				SWIFT_EMIT_LOC_STRINGS = NO;
				SWIFT_VERSION = 5.0;
				TARGETED_DEVICE_FAMILY = "1,2";
				TEST_HOST = "$(BUILT_PRODUCTS_DIR)/weather_location.app/weather_location";
			};
			name = Debug;
		};
		F621C7D5282F9C3300585FCA /* Release */ = {
			isa = XCBuildConfiguration;
			buildSettings = {
				ALWAYS_EMBED_SWIFT_STANDARD_LIBRARIES = YES;
				BUNDLE_LOADER = "$(TEST_HOST)";
				CODE_SIGN_STYLE = Automatic;
				CURRENT_PROJECT_VERSION = 1;
				GENERATE_INFOPLIST_FILE = YES;
				IPHONEOS_DEPLOYMENT_TARGET = 15.4;
				MARKETING_VERSION = 1.0;
				PRODUCT_BUNDLE_IDENTIFIER = "SeungHui.Huh.weather-locationTests";
				PRODUCT_NAME = "$(TARGET_NAME)";
				SWIFT_EMIT_LOC_STRINGS = NO;
				SWIFT_VERSION = 5.0;
				TARGETED_DEVICE_FAMILY = "1,2";
				TEST_HOST = "$(BUILT_PRODUCTS_DIR)/weather_location.app/weather_location";
			};
			name = Release;
		};
		F621C7D7282F9C3300585FCA /* Debug */ = {
			isa = XCBuildConfiguration;
			buildSettings = {
				ALWAYS_EMBED_SWIFT_STANDARD_LIBRARIES = YES;
				CODE_SIGN_STYLE = Automatic;
				CURRENT_PROJECT_VERSION = 1;
				GENERATE_INFOPLIST_FILE = YES;
				MARKETING_VERSION = 1.0;
				PRODUCT_BUNDLE_IDENTIFIER = "SeungHui.Huh.weather-locationUITests";
				PRODUCT_NAME = "$(TARGET_NAME)";
				SWIFT_EMIT_LOC_STRINGS = NO;
				SWIFT_VERSION = 5.0;
				TARGETED_DEVICE_FAMILY = "1,2";
				TEST_TARGET_NAME = weather_location;
			};
			name = Debug;
		};
		F621C7D8282F9C3300585FCA /* Release */ = {
			isa = XCBuildConfiguration;
			buildSettings = {
				ALWAYS_EMBED_SWIFT_STANDARD_LIBRARIES = YES;
				CODE_SIGN_STYLE = Automatic;
				CURRENT_PROJECT_VERSION = 1;
				GENERATE_INFOPLIST_FILE = YES;
				MARKETING_VERSION = 1.0;
				PRODUCT_BUNDLE_IDENTIFIER = "SeungHui.Huh.weather-locationUITests";
				PRODUCT_NAME = "$(TARGET_NAME)";
				SWIFT_EMIT_LOC_STRINGS = NO;
				SWIFT_VERSION = 5.0;
				TARGETED_DEVICE_FAMILY = "1,2";
				TEST_TARGET_NAME = weather_location;
			};
			name = Release;
		};
/* End XCBuildConfiguration section */

/* Begin XCConfigurationList section */
		F621C7A1282F9C3200585FCA /* Build configuration list for PBXProject "weather_location" */ = {
			isa = XCConfigurationList;
			buildConfigurations = (
				F621C7CE282F9C3300585FCA /* Debug */,
				F621C7CF282F9C3300585FCA /* Release */,
			);
			defaultConfigurationIsVisible = 0;
			defaultConfigurationName = Release;
		};
		F621C7D0282F9C3300585FCA /* Build configuration list for PBXNativeTarget "weather_location" */ = {
			isa = XCConfigurationList;
			buildConfigurations = (
				F621C7D1282F9C3300585FCA /* Debug */,
				F621C7D2282F9C3300585FCA /* Release */,
			);
			defaultConfigurationIsVisible = 0;
			defaultConfigurationName = Release;
		};
		F621C7D3282F9C3300585FCA /* Build configuration list for PBXNativeTarget "weather_locationTests" */ = {
			isa = XCConfigurationList;
			buildConfigurations = (
				F621C7D4282F9C3300585FCA /* Debug */,
				F621C7D5282F9C3300585FCA /* Release */,
			);
			defaultConfigurationIsVisible = 0;
			defaultConfigurationName = Release;
		};
		F621C7D6282F9C3300585FCA /* Build configuration list for PBXNativeTarget "weather_locationUITests" */ = {
			isa = XCConfigurationList;
			buildConfigurations = (
				F621C7D7282F9C3300585FCA /* Debug */,
				F621C7D8282F9C3300585FCA /* Release */,
			);
			defaultConfigurationIsVisible = 0;
			defaultConfigurationName = Release;
		};
/* End XCConfigurationList section */
	};
	rootObject = F621C79E282F9C3200585FCA /* Project object */;
}
