// !$*UTF8*$!
{
	archiveVersion = 1;
	classes = {
	};
	objectVersion = 55;
	objects = {

/* Begin PBXBuildFile section */
		F60F52C3284E46AF008D75B3 /* AppDelegate.swift in Sources */ = {isa = PBXBuildFile; fileRef = F60F52C2284E46AF008D75B3 /* AppDelegate.swift */; };
		F60F52C5284E46AF008D75B3 /* SceneDelegate.swift in Sources */ = {isa = PBXBuildFile; fileRef = F60F52C4284E46AF008D75B3 /* SceneDelegate.swift */; };
		F60F52C7284E46AF008D75B3 /* ViewController.swift in Sources */ = {isa = PBXBuildFile; fileRef = F60F52C6284E46AF008D75B3 /* ViewController.swift */; };
		F60F52CA284E46AF008D75B3 /* Main.storyboard in Resources */ = {isa = PBXBuildFile; fileRef = F60F52C8284E46AF008D75B3 /* Main.storyboard */; };
		F60F52CC284E46B2008D75B3 /* Assets.xcassets in Resources */ = {isa = PBXBuildFile; fileRef = F60F52CB284E46B2008D75B3 /* Assets.xcassets */; };
		F60F52CF284E46B2008D75B3 /* LaunchScreen.storyboard in Resources */ = {isa = PBXBuildFile; fileRef = F60F52CD284E46B2008D75B3 /* LaunchScreen.storyboard */; };
		F60F52DA284E46B2008D75B3 /* QuoteMakerTests.swift in Sources */ = {isa = PBXBuildFile; fileRef = F60F52D9284E46B2008D75B3 /* QuoteMakerTests.swift */; };
		F60F52E4284E46B2008D75B3 /* QuoteMakerUITests.swift in Sources */ = {isa = PBXBuildFile; fileRef = F60F52E3284E46B2008D75B3 /* QuoteMakerUITests.swift */; };
		F60F52E6284E46B2008D75B3 /* QuoteMakerUITestsLaunchTests.swift in Sources */ = {isa = PBXBuildFile; fileRef = F60F52E5284E46B2008D75B3 /* QuoteMakerUITestsLaunchTests.swift */; };
		F60F532F284F8EBE008D75B3 /* quotes.swift in Sources */ = {isa = PBXBuildFile; fileRef = F60F532E284F8EBE008D75B3 /* quotes.swift */; };
/* End PBXBuildFile section */

/* Begin PBXContainerItemProxy section */
		F60F52D6284E46B2008D75B3 /* PBXContainerItemProxy */ = {
			isa = PBXContainerItemProxy;
			containerPortal = F60F52B7284E46AF008D75B3 /* Project object */;
			proxyType = 1;
			remoteGlobalIDString = F60F52BE284E46AF008D75B3;
			remoteInfo = QuoteMaker;
		};
		F60F52E0284E46B2008D75B3 /* PBXContainerItemProxy */ = {
			isa = PBXContainerItemProxy;
			containerPortal = F60F52B7284E46AF008D75B3 /* Project object */;
			proxyType = 1;
			remoteGlobalIDString = F60F52BE284E46AF008D75B3;
			remoteInfo = QuoteMaker;
		};
/* End PBXContainerItemProxy section */

/* Begin PBXFileReference section */
		F60F52BF284E46AF008D75B3 /* QuoteMaker.app */ = {isa = PBXFileReference; explicitFileType = wrapper.application; includeInIndex = 0; path = QuoteMaker.app; sourceTree = BUILT_PRODUCTS_DIR; };
		F60F52C2284E46AF008D75B3 /* AppDelegate.swift */ = {isa = PBXFileReference; lastKnownFileType = sourcecode.swift; path = AppDelegate.swift; sourceTree = "<group>"; };
		F60F52C4284E46AF008D75B3 /* SceneDelegate.swift */ = {isa = PBXFileReference; lastKnownFileType = sourcecode.swift; path = SceneDelegate.swift; sourceTree = "<group>"; };
		F60F52C6284E46AF008D75B3 /* ViewController.swift */ = {isa = PBXFileReference; lastKnownFileType = sourcecode.swift; path = ViewController.swift; sourceTree = "<group>"; };
		F60F52C9284E46AF008D75B3 /* Base */ = {isa = PBXFileReference; lastKnownFileType = file.storyboard; name = Base; path = Base.lproj/Main.storyboard; sourceTree = "<group>"; };
		F60F52CB284E46B2008D75B3 /* Assets.xcassets */ = {isa = PBXFileReference; lastKnownFileType = folder.assetcatalog; path = Assets.xcassets; sourceTree = "<group>"; };
		F60F52CE284E46B2008D75B3 /* Base */ = {isa = PBXFileReference; lastKnownFileType = file.storyboard; name = Base; path = Base.lproj/LaunchScreen.storyboard; sourceTree = "<group>"; };
		F60F52D0284E46B2008D75B3 /* Info.plist */ = {isa = PBXFileReference; lastKnownFileType = text.plist.xml; path = Info.plist; sourceTree = "<group>"; };
		F60F52D5284E46B2008D75B3 /* QuoteMakerTests.xctest */ = {isa = PBXFileReference; explicitFileType = wrapper.cfbundle; includeInIndex = 0; path = QuoteMakerTests.xctest; sourceTree = BUILT_PRODUCTS_DIR; };
		F60F52D9284E46B2008D75B3 /* QuoteMakerTests.swift */ = {isa = PBXFileReference; lastKnownFileType = sourcecode.swift; path = QuoteMakerTests.swift; sourceTree = "<group>"; };
		F60F52DF284E46B2008D75B3 /* QuoteMakerUITests.xctest */ = {isa = PBXFileReference; explicitFileType = wrapper.cfbundle; includeInIndex = 0; path = QuoteMakerUITests.xctest; sourceTree = BUILT_PRODUCTS_DIR; };
		F60F52E3284E46B2008D75B3 /* QuoteMakerUITests.swift */ = {isa = PBXFileReference; lastKnownFileType = sourcecode.swift; path = QuoteMakerUITests.swift; sourceTree = "<group>"; };
		F60F52E5284E46B2008D75B3 /* QuoteMakerUITestsLaunchTests.swift */ = {isa = PBXFileReference; lastKnownFileType = sourcecode.swift; path = QuoteMakerUITestsLaunchTests.swift; sourceTree = "<group>"; };
		F60F532E284F8EBE008D75B3 /* quotes.swift */ = {isa = PBXFileReference; lastKnownFileType = sourcecode.swift; path = quotes.swift; sourceTree = "<group>"; };
/* End PBXFileReference section */

/* Begin PBXFrameworksBuildPhase section */
		F60F52BC284E46AF008D75B3 /* Frameworks */ = {
			isa = PBXFrameworksBuildPhase;
			buildActionMask = 2147483647;
			files = (
			);
			runOnlyForDeploymentPostprocessing = 0;
		};
		F60F52D2284E46B2008D75B3 /* Frameworks */ = {
			isa = PBXFrameworksBuildPhase;
			buildActionMask = 2147483647;
			files = (
			);
			runOnlyForDeploymentPostprocessing = 0;
		};
		F60F52DC284E46B2008D75B3 /* Frameworks */ = {
			isa = PBXFrameworksBuildPhase;
			buildActionMask = 2147483647;
			files = (
			);
			runOnlyForDeploymentPostprocessing = 0;
		};
/* End PBXFrameworksBuildPhase section */

/* Begin PBXGroup section */
		F60F52B6284E46AF008D75B3 = {
			isa = PBXGroup;
			children = (
				F60F52C1284E46AF008D75B3 /* QuoteMaker */,
				F60F52D8284E46B2008D75B3 /* QuoteMakerTests */,
				F60F52E2284E46B2008D75B3 /* QuoteMakerUITests */,
				F60F52C0284E46AF008D75B3 /* Products */,
			);
			sourceTree = "<group>";
		};
		F60F52C0284E46AF008D75B3 /* Products */ = {
			isa = PBXGroup;
			children = (
				F60F52BF284E46AF008D75B3 /* QuoteMaker.app */,
				F60F52D5284E46B2008D75B3 /* QuoteMakerTests.xctest */,
				F60F52DF284E46B2008D75B3 /* QuoteMakerUITests.xctest */,
			);
			name = Products;
			sourceTree = "<group>";
		};
		F60F52C1284E46AF008D75B3 /* QuoteMaker */ = {
			isa = PBXGroup;
			children = (
				F60F52C2284E46AF008D75B3 /* AppDelegate.swift */,
				F60F52C4284E46AF008D75B3 /* SceneDelegate.swift */,
				F60F52C6284E46AF008D75B3 /* ViewController.swift */,
				F60F52C8284E46AF008D75B3 /* Main.storyboard */,
				F60F52CB284E46B2008D75B3 /* Assets.xcassets */,
				F60F52CD284E46B2008D75B3 /* LaunchScreen.storyboard */,
				F60F52D0284E46B2008D75B3 /* Info.plist */,
				F60F532E284F8EBE008D75B3 /* quotes.swift */,
			);
			path = QuoteMaker;
			sourceTree = "<group>";
		};
		F60F52D8284E46B2008D75B3 /* QuoteMakerTests */ = {
			isa = PBXGroup;
			children = (
				F60F52D9284E46B2008D75B3 /* QuoteMakerTests.swift */,
			);
			path = QuoteMakerTests;
			sourceTree = "<group>";
		};
		F60F52E2284E46B2008D75B3 /* QuoteMakerUITests */ = {
			isa = PBXGroup;
			children = (
				F60F52E3284E46B2008D75B3 /* QuoteMakerUITests.swift */,
				F60F52E5284E46B2008D75B3 /* QuoteMakerUITestsLaunchTests.swift */,
			);
			path = QuoteMakerUITests;
			sourceTree = "<group>";
		};
/* End PBXGroup section */

/* Begin PBXNativeTarget section */
		F60F52BE284E46AF008D75B3 /* QuoteMaker */ = {
			isa = PBXNativeTarget;
			buildConfigurationList = F60F52E9284E46B2008D75B3 /* Build configuration list for PBXNativeTarget "QuoteMaker" */;
			buildPhases = (
				F60F52BB284E46AF008D75B3 /* Sources */,
				F60F52BC284E46AF008D75B3 /* Frameworks */,
				F60F52BD284E46AF008D75B3 /* Resources */,
			);
			buildRules = (
			);
			dependencies = (
			);
			name = QuoteMaker;
			productName = QuoteMaker;
			productReference = F60F52BF284E46AF008D75B3 /* QuoteMaker.app */;
			productType = "com.apple.product-type.application";
		};
		F60F52D4284E46B2008D75B3 /* QuoteMakerTests */ = {
			isa = PBXNativeTarget;
			buildConfigurationList = F60F52EC284E46B2008D75B3 /* Build configuration list for PBXNativeTarget "QuoteMakerTests" */;
			buildPhases = (
				F60F52D1284E46B2008D75B3 /* Sources */,
				F60F52D2284E46B2008D75B3 /* Frameworks */,
				F60F52D3284E46B2008D75B3 /* Resources */,
			);
			buildRules = (
			);
			dependencies = (
				F60F52D7284E46B2008D75B3 /* PBXTargetDependency */,
			);
			name = QuoteMakerTests;
			productName = QuoteMakerTests;
			productReference = F60F52D5284E46B2008D75B3 /* QuoteMakerTests.xctest */;
			productType = "com.apple.product-type.bundle.unit-test";
		};
		F60F52DE284E46B2008D75B3 /* QuoteMakerUITests */ = {
			isa = PBXNativeTarget;
			buildConfigurationList = F60F52EF284E46B2008D75B3 /* Build configuration list for PBXNativeTarget "QuoteMakerUITests" */;
			buildPhases = (
				F60F52DB284E46B2008D75B3 /* Sources */,
				F60F52DC284E46B2008D75B3 /* Frameworks */,
				F60F52DD284E46B2008D75B3 /* Resources */,
			);
			buildRules = (
			);
			dependencies = (
				F60F52E1284E46B2008D75B3 /* PBXTargetDependency */,
			);
			name = QuoteMakerUITests;
			productName = QuoteMakerUITests;
			productReference = F60F52DF284E46B2008D75B3 /* QuoteMakerUITests.xctest */;
			productType = "com.apple.product-type.bundle.ui-testing";
		};
/* End PBXNativeTarget section */

/* Begin PBXProject section */
		F60F52B7284E46AF008D75B3 /* Project object */ = {
			isa = PBXProject;
			attributes = {
				BuildIndependentTargetsInParallel = 1;
				LastSwiftUpdateCheck = 1340;
				LastUpgradeCheck = 1340;
				TargetAttributes = {
					F60F52BE284E46AF008D75B3 = {
						CreatedOnToolsVersion = 13.4;
					};
					F60F52D4284E46B2008D75B3 = {
						CreatedOnToolsVersion = 13.4;
						TestTargetID = F60F52BE284E46AF008D75B3;
					};
					F60F52DE284E46B2008D75B3 = {
						CreatedOnToolsVersion = 13.4;
						TestTargetID = F60F52BE284E46AF008D75B3;
					};
				};
			};
			buildConfigurationList = F60F52BA284E46AF008D75B3 /* Build configuration list for PBXProject "QuoteMaker" */;
			compatibilityVersion = "Xcode 13.0";
			developmentRegion = en;
			hasScannedForEncodings = 0;
			knownRegions = (
				en,
				Base,
			);
			mainGroup = F60F52B6284E46AF008D75B3;
			productRefGroup = F60F52C0284E46AF008D75B3 /* Products */;
			projectDirPath = "";
			projectRoot = "";
			targets = (
				F60F52BE284E46AF008D75B3 /* QuoteMaker */,
				F60F52D4284E46B2008D75B3 /* QuoteMakerTests */,
				F60F52DE284E46B2008D75B3 /* QuoteMakerUITests */,
			);
		};
/* End PBXProject section */

/* Begin PBXResourcesBuildPhase section */
		F60F52BD284E46AF008D75B3 /* Resources */ = {
			isa = PBXResourcesBuildPhase;
			buildActionMask = 2147483647;
			files = (
				F60F52CF284E46B2008D75B3 /* LaunchScreen.storyboard in Resources */,
				F60F52CC284E46B2008D75B3 /* Assets.xcassets in Resources */,
				F60F52CA284E46AF008D75B3 /* Main.storyboard in Resources */,
			);
			runOnlyForDeploymentPostprocessing = 0;
		};
		F60F52D3284E46B2008D75B3 /* Resources */ = {
			isa = PBXResourcesBuildPhase;
			buildActionMask = 2147483647;
			files = (
			);
			runOnlyForDeploymentPostprocessing = 0;
		};
		F60F52DD284E46B2008D75B3 /* Resources */ = {
			isa = PBXResourcesBuildPhase;
			buildActionMask = 2147483647;
			files = (
			);
			runOnlyForDeploymentPostprocessing = 0;
		};
/* End PBXResourcesBuildPhase section */

/* Begin PBXSourcesBuildPhase section */
		F60F52BB284E46AF008D75B3 /* Sources */ = {
			isa = PBXSourcesBuildPhase;
			buildActionMask = 2147483647;
			files = (
				F60F532F284F8EBE008D75B3 /* quotes.swift in Sources */,
				F60F52C7284E46AF008D75B3 /* ViewController.swift in Sources */,
				F60F52C3284E46AF008D75B3 /* AppDelegate.swift in Sources */,
				F60F52C5284E46AF008D75B3 /* SceneDelegate.swift in Sources */,
			);
			runOnlyForDeploymentPostprocessing = 0;
		};
		F60F52D1284E46B2008D75B3 /* Sources */ = {
			isa = PBXSourcesBuildPhase;
			buildActionMask = 2147483647;
			files = (
				F60F52DA284E46B2008D75B3 /* QuoteMakerTests.swift in Sources */,
			);
			runOnlyForDeploymentPostprocessing = 0;
		};
		F60F52DB284E46B2008D75B3 /* Sources */ = {
			isa = PBXSourcesBuildPhase;
			buildActionMask = 2147483647;
			files = (
				F60F52E6284E46B2008D75B3 /* QuoteMakerUITestsLaunchTests.swift in Sources */,
				F60F52E4284E46B2008D75B3 /* QuoteMakerUITests.swift in Sources */,
			);
			runOnlyForDeploymentPostprocessing = 0;
		};
/* End PBXSourcesBuildPhase section */

/* Begin PBXTargetDependency section */
		F60F52D7284E46B2008D75B3 /* PBXTargetDependency */ = {
			isa = PBXTargetDependency;
			target = F60F52BE284E46AF008D75B3 /* QuoteMaker */;
			targetProxy = F60F52D6284E46B2008D75B3 /* PBXContainerItemProxy */;
		};
		F60F52E1284E46B2008D75B3 /* PBXTargetDependency */ = {
			isa = PBXTargetDependency;
			target = F60F52BE284E46AF008D75B3 /* QuoteMaker */;
			targetProxy = F60F52E0284E46B2008D75B3 /* PBXContainerItemProxy */;
		};
/* End PBXTargetDependency section */

/* Begin PBXVariantGroup section */
		F60F52C8284E46AF008D75B3 /* Main.storyboard */ = {
			isa = PBXVariantGroup;
			children = (
				F60F52C9284E46AF008D75B3 /* Base */,
			);
			name = Main.storyboard;
			sourceTree = "<group>";
		};
		F60F52CD284E46B2008D75B3 /* LaunchScreen.storyboard */ = {
			isa = PBXVariantGroup;
			children = (
				F60F52CE284E46B2008D75B3 /* Base */,
			);
			name = LaunchScreen.storyboard;
			sourceTree = "<group>";
		};
/* End PBXVariantGroup section */

/* Begin XCBuildConfiguration section */
		F60F52E7284E46B2008D75B3 /* Debug */ = {
			isa = XCBuildConfiguration;
			buildSettings = {
				ALWAYS_SEARCH_USER_PATHS = NO;
				CLANG_ANALYZER_NONNULL = YES;
				CLANG_ANALYZER_NUMBER_OBJECT_CONVERSION = YES_AGGRESSIVE;
				CLANG_CXX_LANGUAGE_STANDARD = "gnu++17";
				CLANG_ENABLE_MODULES = YES;
				CLANG_ENABLE_OBJC_ARC = YES;
				CLANG_ENABLE_OBJC_WEAK = YES;
				CLANG_WARN_BLOCK_CAPTURE_AUTORELEASING = YES;
				CLANG_WARN_BOOL_CONVERSION = YES;
				CLANG_WARN_COMMA = YES;
				CLANG_WARN_CONSTANT_CONVERSION = YES;
				CLANG_WARN_DEPRECATED_OBJC_IMPLEMENTATIONS = YES;
				CLANG_WARN_DIRECT_OBJC_ISA_USAGE = YES_ERROR;
				CLANG_WARN_DOCUMENTATION_COMMENTS = YES;
				CLANG_WARN_EMPTY_BODY = YES;
				CLANG_WARN_ENUM_CONVERSION = YES;
				CLANG_WARN_INFINITE_RECURSION = YES;
				CLANG_WARN_INT_CONVERSION = YES;
				CLANG_WARN_NON_LITERAL_NULL_CONVERSION = YES;
				CLANG_WARN_OBJC_IMPLICIT_RETAIN_SELF = YES;
				CLANG_WARN_OBJC_LITERAL_CONVERSION = YES;
				CLANG_WARN_OBJC_ROOT_CLASS = YES_ERROR;
				CLANG_WARN_QUOTED_INCLUDE_IN_FRAMEWORK_HEADER = YES;
				CLANG_WARN_RANGE_LOOP_ANALYSIS = YES;
				CLANG_WARN_STRICT_PROTOTYPES = YES;
				CLANG_WARN_SUSPICIOUS_MOVE = YES;
				CLANG_WARN_UNGUARDED_AVAILABILITY = YES_AGGRESSIVE;
				CLANG_WARN_UNREACHABLE_CODE = YES;
				CLANG_WARN__DUPLICATE_METHOD_MATCH = YES;
				COPY_PHASE_STRIP = NO;
				DEBUG_INFORMATION_FORMAT = dwarf;
				ENABLE_STRICT_OBJC_MSGSEND = YES;
				ENABLE_TESTABILITY = YES;
				GCC_C_LANGUAGE_STANDARD = gnu11;
				GCC_DYNAMIC_NO_PIC = NO;
				GCC_NO_COMMON_BLOCKS = YES;
				GCC_OPTIMIZATION_LEVEL = 0;
				GCC_PREPROCESSOR_DEFINITIONS = (
					"DEBUG=1",
					"$(inherited)",
				);
				GCC_WARN_64_TO_32_BIT_CONVERSION = YES;
				GCC_WARN_ABOUT_RETURN_TYPE = YES_ERROR;
				GCC_WARN_UNDECLARED_SELECTOR = YES;
				GCC_WARN_UNINITIALIZED_AUTOS = YES_AGGRESSIVE;
				GCC_WARN_UNUSED_FUNCTION = YES;
				GCC_WARN_UNUSED_VARIABLE = YES;
				IPHONEOS_DEPLOYMENT_TARGET = 15.5;
				MTL_ENABLE_DEBUG_INFO = INCLUDE_SOURCE;
				MTL_FAST_MATH = YES;
				ONLY_ACTIVE_ARCH = YES;
				SDKROOT = iphoneos;
				SWIFT_ACTIVE_COMPILATION_CONDITIONS = DEBUG;
				SWIFT_OPTIMIZATION_LEVEL = "-Onone";
			};
			name = Debug;
		};
		F60F52E8284E46B2008D75B3 /* Release */ = {
			isa = XCBuildConfiguration;
			buildSettings = {
				ALWAYS_SEARCH_USER_PATHS = NO;
				CLANG_ANALYZER_NONNULL = YES;
				CLANG_ANALYZER_NUMBER_OBJECT_CONVERSION = YES_AGGRESSIVE;
				CLANG_CXX_LANGUAGE_STANDARD = "gnu++17";
				CLANG_ENABLE_MODULES = YES;
				CLANG_ENABLE_OBJC_ARC = YES;
				CLANG_ENABLE_OBJC_WEAK = YES;
				CLANG_WARN_BLOCK_CAPTURE_AUTORELEASING = YES;
				CLANG_WARN_BOOL_CONVERSION = YES;
				CLANG_WARN_COMMA = YES;
				CLANG_WARN_CONSTANT_CONVERSION = YES;
				CLANG_WARN_DEPRECATED_OBJC_IMPLEMENTATIONS = YES;
				CLANG_WARN_DIRECT_OBJC_ISA_USAGE = YES_ERROR;
				CLANG_WARN_DOCUMENTATION_COMMENTS = YES;
				CLANG_WARN_EMPTY_BODY = YES;
				CLANG_WARN_ENUM_CONVERSION = YES;
				CLANG_WARN_INFINITE_RECURSION = YES;
				CLANG_WARN_INT_CONVERSION = YES;
				CLANG_WARN_NON_LITERAL_NULL_CONVERSION = YES;
				CLANG_WARN_OBJC_IMPLICIT_RETAIN_SELF = YES;
				CLANG_WARN_OBJC_LITERAL_CONVERSION = YES;
				CLANG_WARN_OBJC_ROOT_CLASS = YES_ERROR;
				CLANG_WARN_QUOTED_INCLUDE_IN_FRAMEWORK_HEADER = YES;
				CLANG_WARN_RANGE_LOOP_ANALYSIS = YES;
				CLANG_WARN_STRICT_PROTOTYPES = YES;
				CLANG_WARN_SUSPICIOUS_MOVE = YES;
				CLANG_WARN_UNGUARDED_AVAILABILITY = YES_AGGRESSIVE;
				CLANG_WARN_UNREACHABLE_CODE = YES;
				CLANG_WARN__DUPLICATE_METHOD_MATCH = YES;
				COPY_PHASE_STRIP = NO;
				DEBUG_INFORMATION_FORMAT = "dwarf-with-dsym";
				ENABLE_NS_ASSERTIONS = NO;
				ENABLE_STRICT_OBJC_MSGSEND = YES;
				GCC_C_LANGUAGE_STANDARD = gnu11;
				GCC_NO_COMMON_BLOCKS = YES;
				GCC_WARN_64_TO_32_BIT_CONVERSION = YES;
				GCC_WARN_ABOUT_RETURN_TYPE = YES_ERROR;
				GCC_WARN_UNDECLARED_SELECTOR = YES;
				GCC_WARN_UNINITIALIZED_AUTOS = YES_AGGRESSIVE;
				GCC_WARN_UNUSED_FUNCTION = YES;
				GCC_WARN_UNUSED_VARIABLE = YES;
				IPHONEOS_DEPLOYMENT_TARGET = 15.5;
				MTL_ENABLE_DEBUG_INFO = NO;
				MTL_FAST_MATH = YES;
				SDKROOT = iphoneos;
				SWIFT_COMPILATION_MODE = wholemodule;
				SWIFT_OPTIMIZATION_LEVEL = "-O";
				VALIDATE_PRODUCT = YES;
			};
			name = Release;
		};
		F60F52EA284E46B2008D75B3 /* Debug */ = {
			isa = XCBuildConfiguration;
			buildSettings = {
				ASSETCATALOG_COMPILER_APPICON_NAME = AppIcon;
				ASSETCATALOG_COMPILER_GLOBAL_ACCENT_COLOR_NAME = AccentColor;
				CODE_SIGN_STYLE = Automatic;
				CURRENT_PROJECT_VERSION = 1;
				GENERATE_INFOPLIST_FILE = YES;
				INFOPLIST_FILE = QuoteMaker/Info.plist;
				INFOPLIST_KEY_UIApplicationSupportsIndirectInputEvents = YES;
				INFOPLIST_KEY_UILaunchStoryboardName = LaunchScreen;
				INFOPLIST_KEY_UIMainStoryboardFile = Main;
				INFOPLIST_KEY_UISupportedInterfaceOrientations_iPad = "UIInterfaceOrientationPortrait UIInterfaceOrientationPortraitUpsideDown UIInterfaceOrientationLandscapeLeft UIInterfaceOrientationLandscapeRight";
				INFOPLIST_KEY_UISupportedInterfaceOrientations_iPhone = "UIInterfaceOrientationPortrait UIInterfaceOrientationLandscapeLeft UIInterfaceOrientationLandscapeRight";
				LD_RUNPATH_SEARCH_PATHS = (
					"$(inherited)",
					"@executable_path/Frameworks",
				);
				MARKETING_VERSION = 1.0;
				PRODUCT_BUNDLE_IDENTIFIER = SeungHui.Huh.QuoteMaker;
				PRODUCT_NAME = "$(TARGET_NAME)";
				SWIFT_EMIT_LOC_STRINGS = YES;
				SWIFT_VERSION = 5.0;
				TARGETED_DEVICE_FAMILY = "1,2";
			};
			name = Debug;
		};
		F60F52EB284E46B2008D75B3 /* Release */ = {
			isa = XCBuildConfiguration;
			buildSettings = {
				ASSETCATALOG_COMPILER_APPICON_NAME = AppIcon;
				ASSETCATALOG_COMPILER_GLOBAL_ACCENT_COLOR_NAME = AccentColor;
				CODE_SIGN_STYLE = Automatic;
				CURRENT_PROJECT_VERSION = 1;
				GENERATE_INFOPLIST_FILE = YES;
				INFOPLIST_FILE = QuoteMaker/Info.plist;
				INFOPLIST_KEY_UIApplicationSupportsIndirectInputEvents = YES;
				INFOPLIST_KEY_UILaunchStoryboardName = LaunchScreen;
				INFOPLIST_KEY_UIMainStoryboardFile = Main;
				INFOPLIST_KEY_UISupportedInterfaceOrientations_iPad = "UIInterfaceOrientationPortrait UIInterfaceOrientationPortraitUpsideDown UIInterfaceOrientationLandscapeLeft UIInterfaceOrientationLandscapeRight";
				INFOPLIST_KEY_UISupportedInterfaceOrientations_iPhone = "UIInterfaceOrientationPortrait UIInterfaceOrientationLandscapeLeft UIInterfaceOrientationLandscapeRight";
				LD_RUNPATH_SEARCH_PATHS = (
					"$(inherited)",
					"@executable_path/Frameworks",
				);
				MARKETING_VERSION = 1.0;
				PRODUCT_BUNDLE_IDENTIFIER = SeungHui.Huh.QuoteMaker;
				PRODUCT_NAME = "$(TARGET_NAME)";
				SWIFT_EMIT_LOC_STRINGS = YES;
				SWIFT_VERSION = 5.0;
				TARGETED_DEVICE_FAMILY = "1,2";
			};
			name = Release;
		};
		F60F52ED284E46B2008D75B3 /* Debug */ = {
			isa = XCBuildConfiguration;
			buildSettings = {
				ALWAYS_EMBED_SWIFT_STANDARD_LIBRARIES = YES;
				BUNDLE_LOADER = "$(TEST_HOST)";
				CODE_SIGN_STYLE = Automatic;
				CURRENT_PROJECT_VERSION = 1;
				GENERATE_INFOPLIST_FILE = YES;
				IPHONEOS_DEPLOYMENT_TARGET = 15.5;
				MARKETING_VERSION = 1.0;
				PRODUCT_BUNDLE_IDENTIFIER = SeungHui.Huh.QuoteMakerTests;
				PRODUCT_NAME = "$(TARGET_NAME)";
				SWIFT_EMIT_LOC_STRINGS = NO;
				SWIFT_VERSION = 5.0;
				TARGETED_DEVICE_FAMILY = "1,2";
				TEST_HOST = "$(BUILT_PRODUCTS_DIR)/QuoteMaker.app/QuoteMaker";
			};
			name = Debug;
		};
		F60F52EE284E46B2008D75B3 /* Release */ = {
			isa = XCBuildConfiguration;
			buildSettings = {
				ALWAYS_EMBED_SWIFT_STANDARD_LIBRARIES = YES;
				BUNDLE_LOADER = "$(TEST_HOST)";
				CODE_SIGN_STYLE = Automatic;
				CURRENT_PROJECT_VERSION = 1;
				GENERATE_INFOPLIST_FILE = YES;
				IPHONEOS_DEPLOYMENT_TARGET = 15.5;
				MARKETING_VERSION = 1.0;
				PRODUCT_BUNDLE_IDENTIFIER = SeungHui.Huh.QuoteMakerTests;
				PRODUCT_NAME = "$(TARGET_NAME)";
				SWIFT_EMIT_LOC_STRINGS = NO;
				SWIFT_VERSION = 5.0;
				TARGETED_DEVICE_FAMILY = "1,2";
				TEST_HOST = "$(BUILT_PRODUCTS_DIR)/QuoteMaker.app/QuoteMaker";
			};
			name = Release;
		};
		F60F52F0284E46B2008D75B3 /* Debug */ = {
			isa = XCBuildConfiguration;
			buildSettings = {
				ALWAYS_EMBED_SWIFT_STANDARD_LIBRARIES = YES;
				CODE_SIGN_STYLE = Automatic;
				CURRENT_PROJECT_VERSION = 1;
				GENERATE_INFOPLIST_FILE = YES;
				MARKETING_VERSION = 1.0;
				PRODUCT_BUNDLE_IDENTIFIER = SeungHui.Huh.QuoteMakerUITests;
				PRODUCT_NAME = "$(TARGET_NAME)";
				SWIFT_EMIT_LOC_STRINGS = NO;
				SWIFT_VERSION = 5.0;
				TARGETED_DEVICE_FAMILY = "1,2";
				TEST_TARGET_NAME = QuoteMaker;
			};
			name = Debug;
		};
		F60F52F1284E46B2008D75B3 /* Release */ = {
			isa = XCBuildConfiguration;
			buildSettings = {
				ALWAYS_EMBED_SWIFT_STANDARD_LIBRARIES = YES;
				CODE_SIGN_STYLE = Automatic;
				CURRENT_PROJECT_VERSION = 1;
				GENERATE_INFOPLIST_FILE = YES;
				MARKETING_VERSION = 1.0;
				PRODUCT_BUNDLE_IDENTIFIER = SeungHui.Huh.QuoteMakerUITests;
				PRODUCT_NAME = "$(TARGET_NAME)";
				SWIFT_EMIT_LOC_STRINGS = NO;
				SWIFT_VERSION = 5.0;
				TARGETED_DEVICE_FAMILY = "1,2";
				TEST_TARGET_NAME = QuoteMaker;
			};
			name = Release;
		};
/* End XCBuildConfiguration section */

/* Begin XCConfigurationList section */
		F60F52BA284E46AF008D75B3 /* Build configuration list for PBXProject "QuoteMaker" */ = {
			isa = XCConfigurationList;
			buildConfigurations = (
				F60F52E7284E46B2008D75B3 /* Debug */,
				F60F52E8284E46B2008D75B3 /* Release */,
			);
			defaultConfigurationIsVisible = 0;
			defaultConfigurationName = Release;
		};
		F60F52E9284E46B2008D75B3 /* Build configuration list for PBXNativeTarget "QuoteMaker" */ = {
			isa = XCConfigurationList;
			buildConfigurations = (
				F60F52EA284E46B2008D75B3 /* Debug */,
				F60F52EB284E46B2008D75B3 /* Release */,
			);
			defaultConfigurationIsVisible = 0;
			defaultConfigurationName = Release;
		};
		F60F52EC284E46B2008D75B3 /* Build configuration list for PBXNativeTarget "QuoteMakerTests" */ = {
			isa = XCConfigurationList;
			buildConfigurations = (
				F60F52ED284E46B2008D75B3 /* Debug */,
				F60F52EE284E46B2008D75B3 /* Release */,
			);
			defaultConfigurationIsVisible = 0;
			defaultConfigurationName = Release;
		};
		F60F52EF284E46B2008D75B3 /* Build configuration list for PBXNativeTarget "QuoteMakerUITests" */ = {
			isa = XCConfigurationList;
			buildConfigurations = (
				F60F52F0284E46B2008D75B3 /* Debug */,
				F60F52F1284E46B2008D75B3 /* Release */,
			);
			defaultConfigurationIsVisible = 0;
			defaultConfigurationName = Release;
		};
/* End XCConfigurationList section */
	};
	rootObject = F60F52B7284E46AF008D75B3 /* Project object */;
}
