// !$*UTF8*$!
{
	archiveVersion = 1;
	classes = {
	};
	objectVersion = 55;
	objects = {

/* Begin PBXBuildFile section */
		F6EBA87D282E196800EEB918 /* AppDelegate.swift in Sources */ = {isa = PBXBuildFile; fileRef = F6EBA87C282E196800EEB918 /* AppDelegate.swift */; };
		F6EBA87F282E196800EEB918 /* SceneDelegate.swift in Sources */ = {isa = PBXBuildFile; fileRef = F6EBA87E282E196800EEB918 /* SceneDelegate.swift */; };
		F6EBA884282E196800EEB918 /* Main.storyboard in Resources */ = {isa = PBXBuildFile; fileRef = F6EBA882282E196800EEB918 /* Main.storyboard */; };
		F6EBA886282E196900EEB918 /* Assets.xcassets in Resources */ = {isa = PBXBuildFile; fileRef = F6EBA885282E196900EEB918 /* Assets.xcassets */; };
		F6EBA889282E196900EEB918 /* LaunchScreen.storyboard in Resources */ = {isa = PBXBuildFile; fileRef = F6EBA887282E196900EEB918 /* LaunchScreen.storyboard */; };
		F6EBA894282E196900EEB918 /* weatherTests.swift in Sources */ = {isa = PBXBuildFile; fileRef = F6EBA893282E196900EEB918 /* weatherTests.swift */; };
		F6EBA89E282E196900EEB918 /* weatherUITests.swift in Sources */ = {isa = PBXBuildFile; fileRef = F6EBA89D282E196900EEB918 /* weatherUITests.swift */; };
		F6EBA8A0282E196900EEB918 /* weatherUITestsLaunchTests.swift in Sources */ = {isa = PBXBuildFile; fileRef = F6EBA89F282E196900EEB918 /* weatherUITestsLaunchTests.swift */; };
		F6EBA8B1282E1BAF00EEB918 /* symbolViewController.swift in Sources */ = {isa = PBXBuildFile; fileRef = F6EBA8B0282E1BAF00EEB918 /* symbolViewController.swift */; };
/* End PBXBuildFile section */

/* Begin PBXContainerItemProxy section */
		F6EBA890282E196900EEB918 /* PBXContainerItemProxy */ = {
			isa = PBXContainerItemProxy;
			containerPortal = F6EBA871282E196800EEB918 /* Project object */;
			proxyType = 1;
			remoteGlobalIDString = F6EBA878282E196800EEB918;
			remoteInfo = weather;
		};
		F6EBA89A282E196900EEB918 /* PBXContainerItemProxy */ = {
			isa = PBXContainerItemProxy;
			containerPortal = F6EBA871282E196800EEB918 /* Project object */;
			proxyType = 1;
			remoteGlobalIDString = F6EBA878282E196800EEB918;
			remoteInfo = weather;
		};
/* End PBXContainerItemProxy section */

/* Begin PBXFileReference section */
		F6EBA879282E196800EEB918 /* weather.app */ = {isa = PBXFileReference; explicitFileType = wrapper.application; includeInIndex = 0; path = weather.app; sourceTree = BUILT_PRODUCTS_DIR; };
		F6EBA87C282E196800EEB918 /* AppDelegate.swift */ = {isa = PBXFileReference; lastKnownFileType = sourcecode.swift; path = AppDelegate.swift; sourceTree = "<group>"; };
		F6EBA87E282E196800EEB918 /* SceneDelegate.swift */ = {isa = PBXFileReference; lastKnownFileType = sourcecode.swift; path = SceneDelegate.swift; sourceTree = "<group>"; };
		F6EBA883282E196800EEB918 /* Base */ = {isa = PBXFileReference; lastKnownFileType = file.storyboard; name = Base; path = Base.lproj/Main.storyboard; sourceTree = "<group>"; };
		F6EBA885282E196900EEB918 /* Assets.xcassets */ = {isa = PBXFileReference; lastKnownFileType = folder.assetcatalog; path = Assets.xcassets; sourceTree = "<group>"; };
		F6EBA888282E196900EEB918 /* Base */ = {isa = PBXFileReference; lastKnownFileType = file.storyboard; name = Base; path = Base.lproj/LaunchScreen.storyboard; sourceTree = "<group>"; };
		F6EBA88A282E196900EEB918 /* Info.plist */ = {isa = PBXFileReference; lastKnownFileType = text.plist.xml; path = Info.plist; sourceTree = "<group>"; };
		F6EBA88F282E196900EEB918 /* weatherTests.xctest */ = {isa = PBXFileReference; explicitFileType = wrapper.cfbundle; includeInIndex = 0; path = weatherTests.xctest; sourceTree = BUILT_PRODUCTS_DIR; };
		F6EBA893282E196900EEB918 /* weatherTests.swift */ = {isa = PBXFileReference; lastKnownFileType = sourcecode.swift; path = weatherTests.swift; sourceTree = "<group>"; };
		F6EBA899282E196900EEB918 /* weatherUITests.xctest */ = {isa = PBXFileReference; explicitFileType = wrapper.cfbundle; includeInIndex = 0; path = weatherUITests.xctest; sourceTree = BUILT_PRODUCTS_DIR; };
		F6EBA89D282E196900EEB918 /* weatherUITests.swift */ = {isa = PBXFileReference; lastKnownFileType = sourcecode.swift; path = weatherUITests.swift; sourceTree = "<group>"; };
		F6EBA89F282E196900EEB918 /* weatherUITestsLaunchTests.swift */ = {isa = PBXFileReference; lastKnownFileType = sourcecode.swift; path = weatherUITestsLaunchTests.swift; sourceTree = "<group>"; };
		F6EBA8B0282E1BAF00EEB918 /* symbolViewController.swift */ = {isa = PBXFileReference; lastKnownFileType = sourcecode.swift; path = symbolViewController.swift; sourceTree = "<group>"; };
/* End PBXFileReference section */

/* Begin PBXFrameworksBuildPhase section */
		F6EBA876282E196800EEB918 /* Frameworks */ = {
			isa = PBXFrameworksBuildPhase;
			buildActionMask = 2147483647;
			files = (
			);
			runOnlyForDeploymentPostprocessing = 0;
		};
		F6EBA88C282E196900EEB918 /* Frameworks */ = {
			isa = PBXFrameworksBuildPhase;
			buildActionMask = 2147483647;
			files = (
			);
			runOnlyForDeploymentPostprocessing = 0;
		};
		F6EBA896282E196900EEB918 /* Frameworks */ = {
			isa = PBXFrameworksBuildPhase;
			buildActionMask = 2147483647;
			files = (
			);
			runOnlyForDeploymentPostprocessing = 0;
		};
/* End PBXFrameworksBuildPhase section */

/* Begin PBXGroup section */
		F6EBA870282E196800EEB918 = {
			isa = PBXGroup;
			children = (
				F6EBA87B282E196800EEB918 /* weather */,
				F6EBA892282E196900EEB918 /* weatherTests */,
				F6EBA89C282E196900EEB918 /* weatherUITests */,
				F6EBA87A282E196800EEB918 /* Products */,
			);
			sourceTree = "<group>";
		};
		F6EBA87A282E196800EEB918 /* Products */ = {
			isa = PBXGroup;
			children = (
				F6EBA879282E196800EEB918 /* weather.app */,
				F6EBA88F282E196900EEB918 /* weatherTests.xctest */,
				F6EBA899282E196900EEB918 /* weatherUITests.xctest */,
			);
			name = Products;
			sourceTree = "<group>";
		};
		F6EBA87B282E196800EEB918 /* weather */ = {
			isa = PBXGroup;
			children = (
				F6EBA87C282E196800EEB918 /* AppDelegate.swift */,
				F6EBA87E282E196800EEB918 /* SceneDelegate.swift */,
				F6EBA8B0282E1BAF00EEB918 /* symbolViewController.swift */,
				F6EBA882282E196800EEB918 /* Main.storyboard */,
				F6EBA885282E196900EEB918 /* Assets.xcassets */,
				F6EBA887282E196900EEB918 /* LaunchScreen.storyboard */,
				F6EBA88A282E196900EEB918 /* Info.plist */,
			);
			path = weather;
			sourceTree = "<group>";
		};
		F6EBA892282E196900EEB918 /* weatherTests */ = {
			isa = PBXGroup;
			children = (
				F6EBA893282E196900EEB918 /* weatherTests.swift */,
			);
			path = weatherTests;
			sourceTree = "<group>";
		};
		F6EBA89C282E196900EEB918 /* weatherUITests */ = {
			isa = PBXGroup;
			children = (
				F6EBA89D282E196900EEB918 /* weatherUITests.swift */,
				F6EBA89F282E196900EEB918 /* weatherUITestsLaunchTests.swift */,
			);
			path = weatherUITests;
			sourceTree = "<group>";
		};
/* End PBXGroup section */

/* Begin PBXNativeTarget section */
		F6EBA878282E196800EEB918 /* weather */ = {
			isa = PBXNativeTarget;
			buildConfigurationList = F6EBA8A3282E196900EEB918 /* Build configuration list for PBXNativeTarget "weather" */;
			buildPhases = (
				F6EBA875282E196800EEB918 /* Sources */,
				F6EBA876282E196800EEB918 /* Frameworks */,
				F6EBA877282E196800EEB918 /* Resources */,
			);
			buildRules = (
			);
			dependencies = (
			);
			name = weather;
			productName = weather;
			productReference = F6EBA879282E196800EEB918 /* weather.app */;
			productType = "com.apple.product-type.application";
		};
		F6EBA88E282E196900EEB918 /* weatherTests */ = {
			isa = PBXNativeTarget;
			buildConfigurationList = F6EBA8A6282E196900EEB918 /* Build configuration list for PBXNativeTarget "weatherTests" */;
			buildPhases = (
				F6EBA88B282E196900EEB918 /* Sources */,
				F6EBA88C282E196900EEB918 /* Frameworks */,
				F6EBA88D282E196900EEB918 /* Resources */,
			);
			buildRules = (
			);
			dependencies = (
				F6EBA891282E196900EEB918 /* PBXTargetDependency */,
			);
			name = weatherTests;
			productName = weatherTests;
			productReference = F6EBA88F282E196900EEB918 /* weatherTests.xctest */;
			productType = "com.apple.product-type.bundle.unit-test";
		};
		F6EBA898282E196900EEB918 /* weatherUITests */ = {
			isa = PBXNativeTarget;
			buildConfigurationList = F6EBA8A9282E196900EEB918 /* Build configuration list for PBXNativeTarget "weatherUITests" */;
			buildPhases = (
				F6EBA895282E196900EEB918 /* Sources */,
				F6EBA896282E196900EEB918 /* Frameworks */,
				F6EBA897282E196900EEB918 /* Resources */,
			);
			buildRules = (
			);
			dependencies = (
				F6EBA89B282E196900EEB918 /* PBXTargetDependency */,
			);
			name = weatherUITests;
			productName = weatherUITests;
			productReference = F6EBA899282E196900EEB918 /* weatherUITests.xctest */;
			productType = "com.apple.product-type.bundle.ui-testing";
		};
/* End PBXNativeTarget section */

/* Begin PBXProject section */
		F6EBA871282E196800EEB918 /* Project object */ = {
			isa = PBXProject;
			attributes = {
				BuildIndependentTargetsInParallel = 1;
				LastSwiftUpdateCheck = 1330;
				LastUpgradeCheck = 1330;
				TargetAttributes = {
					F6EBA878282E196800EEB918 = {
						CreatedOnToolsVersion = 13.3.1;
					};
					F6EBA88E282E196900EEB918 = {
						CreatedOnToolsVersion = 13.3.1;
						TestTargetID = F6EBA878282E196800EEB918;
					};
					F6EBA898282E196900EEB918 = {
						CreatedOnToolsVersion = 13.3.1;
						TestTargetID = F6EBA878282E196800EEB918;
					};
				};
			};
			buildConfigurationList = F6EBA874282E196800EEB918 /* Build configuration list for PBXProject "weather" */;
			compatibilityVersion = "Xcode 13.0";
			developmentRegion = en;
			hasScannedForEncodings = 0;
			knownRegions = (
				en,
				Base,
			);
			mainGroup = F6EBA870282E196800EEB918;
			productRefGroup = F6EBA87A282E196800EEB918 /* Products */;
			projectDirPath = "";
			projectRoot = "";
			targets = (
				F6EBA878282E196800EEB918 /* weather */,
				F6EBA88E282E196900EEB918 /* weatherTests */,
				F6EBA898282E196900EEB918 /* weatherUITests */,
			);
		};
/* End PBXProject section */

/* Begin PBXResourcesBuildPhase section */
		F6EBA877282E196800EEB918 /* Resources */ = {
			isa = PBXResourcesBuildPhase;
			buildActionMask = 2147483647;
			files = (
				F6EBA889282E196900EEB918 /* LaunchScreen.storyboard in Resources */,
				F6EBA886282E196900EEB918 /* Assets.xcassets in Resources */,
				F6EBA884282E196800EEB918 /* Main.storyboard in Resources */,
			);
			runOnlyForDeploymentPostprocessing = 0;
		};
		F6EBA88D282E196900EEB918 /* Resources */ = {
			isa = PBXResourcesBuildPhase;
			buildActionMask = 2147483647;
			files = (
			);
			runOnlyForDeploymentPostprocessing = 0;
		};
		F6EBA897282E196900EEB918 /* Resources */ = {
			isa = PBXResourcesBuildPhase;
			buildActionMask = 2147483647;
			files = (
			);
			runOnlyForDeploymentPostprocessing = 0;
		};
/* End PBXResourcesBuildPhase section */

/* Begin PBXSourcesBuildPhase section */
		F6EBA875282E196800EEB918 /* Sources */ = {
			isa = PBXSourcesBuildPhase;
			buildActionMask = 2147483647;
			files = (
				F6EBA87D282E196800EEB918 /* AppDelegate.swift in Sources */,
				F6EBA8B1282E1BAF00EEB918 /* symbolViewController.swift in Sources */,
				F6EBA87F282E196800EEB918 /* SceneDelegate.swift in Sources */,
			);
			runOnlyForDeploymentPostprocessing = 0;
		};
		F6EBA88B282E196900EEB918 /* Sources */ = {
			isa = PBXSourcesBuildPhase;
			buildActionMask = 2147483647;
			files = (
				F6EBA894282E196900EEB918 /* weatherTests.swift in Sources */,
			);
			runOnlyForDeploymentPostprocessing = 0;
		};
		F6EBA895282E196900EEB918 /* Sources */ = {
			isa = PBXSourcesBuildPhase;
			buildActionMask = 2147483647;
			files = (
				F6EBA89E282E196900EEB918 /* weatherUITests.swift in Sources */,
				F6EBA8A0282E196900EEB918 /* weatherUITestsLaunchTests.swift in Sources */,
			);
			runOnlyForDeploymentPostprocessing = 0;
		};
/* End PBXSourcesBuildPhase section */

/* Begin PBXTargetDependency section */
		F6EBA891282E196900EEB918 /* PBXTargetDependency */ = {
			isa = PBXTargetDependency;
			target = F6EBA878282E196800EEB918 /* weather */;
			targetProxy = F6EBA890282E196900EEB918 /* PBXContainerItemProxy */;
		};
		F6EBA89B282E196900EEB918 /* PBXTargetDependency */ = {
			isa = PBXTargetDependency;
			target = F6EBA878282E196800EEB918 /* weather */;
			targetProxy = F6EBA89A282E196900EEB918 /* PBXContainerItemProxy */;
		};
/* End PBXTargetDependency section */

/* Begin PBXVariantGroup section */
		F6EBA882282E196800EEB918 /* Main.storyboard */ = {
			isa = PBXVariantGroup;
			children = (
				F6EBA883282E196800EEB918 /* Base */,
			);
			name = Main.storyboard;
			sourceTree = "<group>";
		};
		F6EBA887282E196900EEB918 /* LaunchScreen.storyboard */ = {
			isa = PBXVariantGroup;
			children = (
				F6EBA888282E196900EEB918 /* Base */,
			);
			name = LaunchScreen.storyboard;
			sourceTree = "<group>";
		};
/* End PBXVariantGroup section */

/* Begin XCBuildConfiguration section */
		F6EBA8A1282E196900EEB918 /* Debug */ = {
			isa = XCBuildConfiguration;
			buildSettings = {
				ALWAYS_SEARCH_USER_PATHS = NO;
				CLANG_ANALYZER_NONNULL = YES;
				CLANG_ANALYZER_NUMBER_OBJECT_CONVERSION = YES_AGGRESSIVE;
				CLANG_CXX_LANGUAGE_STANDARD = "gnu++17";
				CLANG_ENABLE_MODULES = YES;
				CLANG_ENABLE_OBJC_ARC = YES;
				CLANG_ENABLE_OBJC_WEAK = YES;
				CLANG_WARN_BLOCK_CAPTURE_AUTORELEASING = YES;
				CLANG_WARN_BOOL_CONVERSION = YES;
				CLANG_WARN_COMMA = YES;
				CLANG_WARN_CONSTANT_CONVERSION = YES;
				CLANG_WARN_DEPRECATED_OBJC_IMPLEMENTATIONS = YES;
				CLANG_WARN_DIRECT_OBJC_ISA_USAGE = YES_ERROR;
				CLANG_WARN_DOCUMENTATION_COMMENTS = YES;
				CLANG_WARN_EMPTY_BODY = YES;
				CLANG_WARN_ENUM_CONVERSION = YES;
				CLANG_WARN_INFINITE_RECURSION = YES;
				CLANG_WARN_INT_CONVERSION = YES;
				CLANG_WARN_NON_LITERAL_NULL_CONVERSION = YES;
				CLANG_WARN_OBJC_IMPLICIT_RETAIN_SELF = YES;
				CLANG_WARN_OBJC_LITERAL_CONVERSION = YES;
				CLANG_WARN_OBJC_ROOT_CLASS = YES_ERROR;
				CLANG_WARN_QUOTED_INCLUDE_IN_FRAMEWORK_HEADER = YES;
				CLANG_WARN_RANGE_LOOP_ANALYSIS = YES;
				CLANG_WARN_STRICT_PROTOTYPES = YES;
				CLANG_WARN_SUSPICIOUS_MOVE = YES;
				CLANG_WARN_UNGUARDED_AVAILABILITY = YES_AGGRESSIVE;
				CLANG_WARN_UNREACHABLE_CODE = YES;
				CLANG_WARN__DUPLICATE_METHOD_MATCH = YES;
				COPY_PHASE_STRIP = NO;
				DEBUG_INFORMATION_FORMAT = dwarf;
				ENABLE_STRICT_OBJC_MSGSEND = YES;
				ENABLE_TESTABILITY = YES;
				GCC_C_LANGUAGE_STANDARD = gnu11;
				GCC_DYNAMIC_NO_PIC = NO;
				GCC_NO_COMMON_BLOCKS = YES;
				GCC_OPTIMIZATION_LEVEL = 0;
				GCC_PREPROCESSOR_DEFINITIONS = (
					"DEBUG=1",
					"$(inherited)",
				);
				GCC_WARN_64_TO_32_BIT_CONVERSION = YES;
				GCC_WARN_ABOUT_RETURN_TYPE = YES_ERROR;
				GCC_WARN_UNDECLARED_SELECTOR = YES;
				GCC_WARN_UNINITIALIZED_AUTOS = YES_AGGRESSIVE;
				GCC_WARN_UNUSED_FUNCTION = YES;
				GCC_WARN_UNUSED_VARIABLE = YES;
				IPHONEOS_DEPLOYMENT_TARGET = 15.4;
				MTL_ENABLE_DEBUG_INFO = INCLUDE_SOURCE;
				MTL_FAST_MATH = YES;
				ONLY_ACTIVE_ARCH = YES;
				SDKROOT = iphoneos;
				SWIFT_ACTIVE_COMPILATION_CONDITIONS = DEBUG;
				SWIFT_OPTIMIZATION_LEVEL = "-Onone";
			};
			name = Debug;
		};
		F6EBA8A2282E196900EEB918 /* Release */ = {
			isa = XCBuildConfiguration;
			buildSettings = {
				ALWAYS_SEARCH_USER_PATHS = NO;
				CLANG_ANALYZER_NONNULL = YES;
				CLANG_ANALYZER_NUMBER_OBJECT_CONVERSION = YES_AGGRESSIVE;
				CLANG_CXX_LANGUAGE_STANDARD = "gnu++17";
				CLANG_ENABLE_MODULES = YES;
				CLANG_ENABLE_OBJC_ARC = YES;
				CLANG_ENABLE_OBJC_WEAK = YES;
				CLANG_WARN_BLOCK_CAPTURE_AUTORELEASING = YES;
				CLANG_WARN_BOOL_CONVERSION = YES;
				CLANG_WARN_COMMA = YES;
				CLANG_WARN_CONSTANT_CONVERSION = YES;
				CLANG_WARN_DEPRECATED_OBJC_IMPLEMENTATIONS = YES;
				CLANG_WARN_DIRECT_OBJC_ISA_USAGE = YES_ERROR;
				CLANG_WARN_DOCUMENTATION_COMMENTS = YES;
				CLANG_WARN_EMPTY_BODY = YES;
				CLANG_WARN_ENUM_CONVERSION = YES;
				CLANG_WARN_INFINITE_RECURSION = YES;
				CLANG_WARN_INT_CONVERSION = YES;
				CLANG_WARN_NON_LITERAL_NULL_CONVERSION = YES;
				CLANG_WARN_OBJC_IMPLICIT_RETAIN_SELF = YES;
				CLANG_WARN_OBJC_LITERAL_CONVERSION = YES;
				CLANG_WARN_OBJC_ROOT_CLASS = YES_ERROR;
				CLANG_WARN_QUOTED_INCLUDE_IN_FRAMEWORK_HEADER = YES;
				CLANG_WARN_RANGE_LOOP_ANALYSIS = YES;
				CLANG_WARN_STRICT_PROTOTYPES = YES;
				CLANG_WARN_SUSPICIOUS_MOVE = YES;
				CLANG_WARN_UNGUARDED_AVAILABILITY = YES_AGGRESSIVE;
				CLANG_WARN_UNREACHABLE_CODE = YES;
				CLANG_WARN__DUPLICATE_METHOD_MATCH = YES;
				COPY_PHASE_STRIP = NO;
				DEBUG_INFORMATION_FORMAT = "dwarf-with-dsym";
				ENABLE_NS_ASSERTIONS = NO;
				ENABLE_STRICT_OBJC_MSGSEND = YES;
				GCC_C_LANGUAGE_STANDARD = gnu11;
				GCC_NO_COMMON_BLOCKS = YES;
				GCC_WARN_64_TO_32_BIT_CONVERSION = YES;
				GCC_WARN_ABOUT_RETURN_TYPE = YES_ERROR;
				GCC_WARN_UNDECLARED_SELECTOR = YES;
				GCC_WARN_UNINITIALIZED_AUTOS = YES_AGGRESSIVE;
				GCC_WARN_UNUSED_FUNCTION = YES;
				GCC_WARN_UNUSED_VARIABLE = YES;
				IPHONEOS_DEPLOYMENT_TARGET = 15.4;
				MTL_ENABLE_DEBUG_INFO = NO;
				MTL_FAST_MATH = YES;
				SDKROOT = iphoneos;
				SWIFT_COMPILATION_MODE = wholemodule;
				SWIFT_OPTIMIZATION_LEVEL = "-O";
				VALIDATE_PRODUCT = YES;
			};
			name = Release;
		};
		F6EBA8A4282E196900EEB918 /* Debug */ = {
			isa = XCBuildConfiguration;
			buildSettings = {
				ASSETCATALOG_COMPILER_APPICON_NAME = AppIcon;
				ASSETCATALOG_COMPILER_GLOBAL_ACCENT_COLOR_NAME = AccentColor;
				CODE_SIGN_STYLE = Automatic;
				CURRENT_PROJECT_VERSION = 1;
				GENERATE_INFOPLIST_FILE = YES;
				INFOPLIST_FILE = weather/Info.plist;
				INFOPLIST_KEY_UIApplicationSupportsIndirectInputEvents = YES;
				INFOPLIST_KEY_UILaunchStoryboardName = LaunchScreen;
				INFOPLIST_KEY_UIMainStoryboardFile = Main;
				INFOPLIST_KEY_UISupportedInterfaceOrientations_iPad = "UIInterfaceOrientationPortrait UIInterfaceOrientationPortraitUpsideDown UIInterfaceOrientationLandscapeLeft UIInterfaceOrientationLandscapeRight";
				INFOPLIST_KEY_UISupportedInterfaceOrientations_iPhone = "UIInterfaceOrientationPortrait UIInterfaceOrientationLandscapeLeft UIInterfaceOrientationLandscapeRight";
				LD_RUNPATH_SEARCH_PATHS = (
					"$(inherited)",
					"@executable_path/Frameworks",
				);
				MARKETING_VERSION = 1.0;
				PRODUCT_BUNDLE_IDENTIFIER = SeungHui.Huh.weather;
				PRODUCT_NAME = "$(TARGET_NAME)";
				SWIFT_EMIT_LOC_STRINGS = YES;
				SWIFT_VERSION = 5.0;
				TARGETED_DEVICE_FAMILY = "1,2";
			};
			name = Debug;
		};
		F6EBA8A5282E196900EEB918 /* Release */ = {
			isa = XCBuildConfiguration;
			buildSettings = {
				ASSETCATALOG_COMPILER_APPICON_NAME = AppIcon;
				ASSETCATALOG_COMPILER_GLOBAL_ACCENT_COLOR_NAME = AccentColor;
				CODE_SIGN_STYLE = Automatic;
				CURRENT_PROJECT_VERSION = 1;
				GENERATE_INFOPLIST_FILE = YES;
				INFOPLIST_FILE = weather/Info.plist;
				INFOPLIST_KEY_UIApplicationSupportsIndirectInputEvents = YES;
				INFOPLIST_KEY_UILaunchStoryboardName = LaunchScreen;
				INFOPLIST_KEY_UIMainStoryboardFile = Main;
				INFOPLIST_KEY_UISupportedInterfaceOrientations_iPad = "UIInterfaceOrientationPortrait UIInterfaceOrientationPortraitUpsideDown UIInterfaceOrientationLandscapeLeft UIInterfaceOrientationLandscapeRight";
				INFOPLIST_KEY_UISupportedInterfaceOrientations_iPhone = "UIInterfaceOrientationPortrait UIInterfaceOrientationLandscapeLeft UIInterfaceOrientationLandscapeRight";
				LD_RUNPATH_SEARCH_PATHS = (
					"$(inherited)",
					"@executable_path/Frameworks",
				);
				MARKETING_VERSION = 1.0;
				PRODUCT_BUNDLE_IDENTIFIER = SeungHui.Huh.weather;
				PRODUCT_NAME = "$(TARGET_NAME)";
				SWIFT_EMIT_LOC_STRINGS = YES;
				SWIFT_VERSION = 5.0;
				TARGETED_DEVICE_FAMILY = "1,2";
			};
			name = Release;
		};
		F6EBA8A7282E196900EEB918 /* Debug */ = {
			isa = XCBuildConfiguration;
			buildSettings = {
				ALWAYS_EMBED_SWIFT_STANDARD_LIBRARIES = YES;
				BUNDLE_LOADER = "$(TEST_HOST)";
				CODE_SIGN_STYLE = Automatic;
				CURRENT_PROJECT_VERSION = 1;
				GENERATE_INFOPLIST_FILE = YES;
				IPHONEOS_DEPLOYMENT_TARGET = 15.4;
				MARKETING_VERSION = 1.0;
				PRODUCT_BUNDLE_IDENTIFIER = SeungHui.Huh.weatherTests;
				PRODUCT_NAME = "$(TARGET_NAME)";
				SWIFT_EMIT_LOC_STRINGS = NO;
				SWIFT_VERSION = 5.0;
				TARGETED_DEVICE_FAMILY = "1,2";
				TEST_HOST = "$(BUILT_PRODUCTS_DIR)/weather.app/weather";
			};
			name = Debug;
		};
		F6EBA8A8282E196900EEB918 /* Release */ = {
			isa = XCBuildConfiguration;
			buildSettings = {
				ALWAYS_EMBED_SWIFT_STANDARD_LIBRARIES = YES;
				BUNDLE_LOADER = "$(TEST_HOST)";
				CODE_SIGN_STYLE = Automatic;
				CURRENT_PROJECT_VERSION = 1;
				GENERATE_INFOPLIST_FILE = YES;
				IPHONEOS_DEPLOYMENT_TARGET = 15.4;
				MARKETING_VERSION = 1.0;
				PRODUCT_BUNDLE_IDENTIFIER = SeungHui.Huh.weatherTests;
				PRODUCT_NAME = "$(TARGET_NAME)";
				SWIFT_EMIT_LOC_STRINGS = NO;
				SWIFT_VERSION = 5.0;
				TARGETED_DEVICE_FAMILY = "1,2";
				TEST_HOST = "$(BUILT_PRODUCTS_DIR)/weather.app/weather";
			};
			name = Release;
		};
		F6EBA8AA282E196900EEB918 /* Debug */ = {
			isa = XCBuildConfiguration;
			buildSettings = {
				ALWAYS_EMBED_SWIFT_STANDARD_LIBRARIES = YES;
				CODE_SIGN_STYLE = Automatic;
				CURRENT_PROJECT_VERSION = 1;
				GENERATE_INFOPLIST_FILE = YES;
				MARKETING_VERSION = 1.0;
				PRODUCT_BUNDLE_IDENTIFIER = SeungHui.Huh.weatherUITests;
				PRODUCT_NAME = "$(TARGET_NAME)";
				SWIFT_EMIT_LOC_STRINGS = NO;
				SWIFT_VERSION = 5.0;
				TARGETED_DEVICE_FAMILY = "1,2";
				TEST_TARGET_NAME = weather;
			};
			name = Debug;
		};
		F6EBA8AB282E196900EEB918 /* Release */ = {
			isa = XCBuildConfiguration;
			buildSettings = {
				ALWAYS_EMBED_SWIFT_STANDARD_LIBRARIES = YES;
				CODE_SIGN_STYLE = Automatic;
				CURRENT_PROJECT_VERSION = 1;
				GENERATE_INFOPLIST_FILE = YES;
				MARKETING_VERSION = 1.0;
				PRODUCT_BUNDLE_IDENTIFIER = SeungHui.Huh.weatherUITests;
				PRODUCT_NAME = "$(TARGET_NAME)";
				SWIFT_EMIT_LOC_STRINGS = NO;
				SWIFT_VERSION = 5.0;
				TARGETED_DEVICE_FAMILY = "1,2";
				TEST_TARGET_NAME = weather;
			};
			name = Release;
		};
/* End XCBuildConfiguration section */

/* Begin XCConfigurationList section */
		F6EBA874282E196800EEB918 /* Build configuration list for PBXProject "weather" */ = {
			isa = XCConfigurationList;
			buildConfigurations = (
				F6EBA8A1282E196900EEB918 /* Debug */,
				F6EBA8A2282E196900EEB918 /* Release */,
			);
			defaultConfigurationIsVisible = 0;
			defaultConfigurationName = Release;
		};
		F6EBA8A3282E196900EEB918 /* Build configuration list for PBXNativeTarget "weather" */ = {
			isa = XCConfigurationList;
			buildConfigurations = (
				F6EBA8A4282E196900EEB918 /* Debug */,
				F6EBA8A5282E196900EEB918 /* Release */,
			);
			defaultConfigurationIsVisible = 0;
			defaultConfigurationName = Release;
		};
		F6EBA8A6282E196900EEB918 /* Build configuration list for PBXNativeTarget "weatherTests" */ = {
			isa = XCConfigurationList;
			buildConfigurations = (
				F6EBA8A7282E196900EEB918 /* Debug */,
				F6EBA8A8282E196900EEB918 /* Release */,
			);
			defaultConfigurationIsVisible = 0;
			defaultConfigurationName = Release;
		};
		F6EBA8A9282E196900EEB918 /* Build configuration list for PBXNativeTarget "weatherUITests" */ = {
			isa = XCConfigurationList;
			buildConfigurations = (
				F6EBA8AA282E196900EEB918 /* Debug */,
				F6EBA8AB282E196900EEB918 /* Release */,
			);
			defaultConfigurationIsVisible = 0;
			defaultConfigurationName = Release;
		};
/* End XCConfigurationList section */
	};
	rootObject = F6EBA871282E196800EEB918 /* Project object */;
}
