// !$*UTF8*$!
{
	archiveVersion = 1;
	classes = {
	};
	objectVersion = 55;
	objects = {

/* Begin PBXBuildFile section */
		F6064E40285236E2008DC675 /* codepushViewController.swift in Sources */ = {isa = PBXBuildFile; fileRef = F6064E3F285236E2008DC675 /* codepushViewController.swift */; };
		F64A98132850E39A006F2D9D /* SeguePresentViewController.swift in Sources */ = {isa = PBXBuildFile; fileRef = F64A98122850E39A006F2D9D /* SeguePresentViewController.swift */; };
		F64AF23E2850B2870098CCE4 /* AppDelegate.swift in Sources */ = {isa = PBXBuildFile; fileRef = F64AF23D2850B2870098CCE4 /* AppDelegate.swift */; };
		F64AF2402850B2870098CCE4 /* SceneDelegate.swift in Sources */ = {isa = PBXBuildFile; fileRef = F64AF23F2850B2870098CCE4 /* SceneDelegate.swift */; };
		F64AF2422850B2870098CCE4 /* ViewController.swift in Sources */ = {isa = PBXBuildFile; fileRef = F64AF2412850B2870098CCE4 /* ViewController.swift */; };
		F64AF2452850B2870098CCE4 /* Main.storyboard in Resources */ = {isa = PBXBuildFile; fileRef = F64AF2432850B2870098CCE4 /* Main.storyboard */; };
		F64AF2472850B2890098CCE4 /* Assets.xcassets in Resources */ = {isa = PBXBuildFile; fileRef = F64AF2462850B2890098CCE4 /* Assets.xcassets */; };
		F64AF24A2850B2890098CCE4 /* LaunchScreen.storyboard in Resources */ = {isa = PBXBuildFile; fileRef = F64AF2482850B2890098CCE4 /* LaunchScreen.storyboard */; };
		F64AF2552850B2890098CCE4 /* ScreenTransitionTests.swift in Sources */ = {isa = PBXBuildFile; fileRef = F64AF2542850B2890098CCE4 /* ScreenTransitionTests.swift */; };
		F64AF25F2850B2890098CCE4 /* ScreenTransitionUITests.swift in Sources */ = {isa = PBXBuildFile; fileRef = F64AF25E2850B2890098CCE4 /* ScreenTransitionUITests.swift */; };
		F64AF2612850B2890098CCE4 /* ScreenTransitionUITestsLaunchTests.swift in Sources */ = {isa = PBXBuildFile; fileRef = F64AF2602850B2890098CCE4 /* ScreenTransitionUITestsLaunchTests.swift */; };
		F64AF2702850D9190098CCE4 /* SegueViewController.swift in Sources */ = {isa = PBXBuildFile; fileRef = F64AF26F2850D9190098CCE4 /* SegueViewController.swift */; };
		F69F722D285238A4000D8763 /* codepresentViewController.swift in Sources */ = {isa = PBXBuildFile; fileRef = F69F722C285238A4000D8763 /* codepresentViewController.swift */; };
/* End PBXBuildFile section */

/* Begin PBXContainerItemProxy section */
		F64AF2512850B2890098CCE4 /* PBXContainerItemProxy */ = {
			isa = PBXContainerItemProxy;
			containerPortal = F64AF2322850B2870098CCE4 /* Project object */;
			proxyType = 1;
			remoteGlobalIDString = F64AF2392850B2870098CCE4;
			remoteInfo = ScreenTransition;
		};
		F64AF25B2850B2890098CCE4 /* PBXContainerItemProxy */ = {
			isa = PBXContainerItemProxy;
			containerPortal = F64AF2322850B2870098CCE4 /* Project object */;
			proxyType = 1;
			remoteGlobalIDString = F64AF2392850B2870098CCE4;
			remoteInfo = ScreenTransition;
		};
/* End PBXContainerItemProxy section */

/* Begin PBXFileReference section */
		F6064E3F285236E2008DC675 /* codepushViewController.swift */ = {isa = PBXFileReference; lastKnownFileType = sourcecode.swift; path = codepushViewController.swift; sourceTree = "<group>"; };
		F64A98122850E39A006F2D9D /* SeguePresentViewController.swift */ = {isa = PBXFileReference; lastKnownFileType = sourcecode.swift; path = SeguePresentViewController.swift; sourceTree = "<group>"; };
		F64AF23A2850B2870098CCE4 /* ScreenTransition.app */ = {isa = PBXFileReference; explicitFileType = wrapper.application; includeInIndex = 0; path = ScreenTransition.app; sourceTree = BUILT_PRODUCTS_DIR; };
		F64AF23D2850B2870098CCE4 /* AppDelegate.swift */ = {isa = PBXFileReference; lastKnownFileType = sourcecode.swift; path = AppDelegate.swift; sourceTree = "<group>"; };
		F64AF23F2850B2870098CCE4 /* SceneDelegate.swift */ = {isa = PBXFileReference; lastKnownFileType = sourcecode.swift; path = SceneDelegate.swift; sourceTree = "<group>"; };
		F64AF2412850B2870098CCE4 /* ViewController.swift */ = {isa = PBXFileReference; lastKnownFileType = sourcecode.swift; path = ViewController.swift; sourceTree = "<group>"; };
		F64AF2442850B2870098CCE4 /* Base */ = {isa = PBXFileReference; lastKnownFileType = file.storyboard; name = Base; path = Base.lproj/Main.storyboard; sourceTree = "<group>"; };
		F64AF2462850B2890098CCE4 /* Assets.xcassets */ = {isa = PBXFileReference; lastKnownFileType = folder.assetcatalog; path = Assets.xcassets; sourceTree = "<group>"; };
		F64AF2492850B2890098CCE4 /* Base */ = {isa = PBXFileReference; lastKnownFileType = file.storyboard; name = Base; path = Base.lproj/LaunchScreen.storyboard; sourceTree = "<group>"; };
		F64AF24B2850B2890098CCE4 /* Info.plist */ = {isa = PBXFileReference; lastKnownFileType = text.plist.xml; path = Info.plist; sourceTree = "<group>"; };
		F64AF2502850B2890098CCE4 /* ScreenTransitionTests.xctest */ = {isa = PBXFileReference; explicitFileType = wrapper.cfbundle; includeInIndex = 0; path = ScreenTransitionTests.xctest; sourceTree = BUILT_PRODUCTS_DIR; };
		F64AF2542850B2890098CCE4 /* ScreenTransitionTests.swift */ = {isa = PBXFileReference; lastKnownFileType = sourcecode.swift; path = ScreenTransitionTests.swift; sourceTree = "<group>"; };
		F64AF25A2850B2890098CCE4 /* ScreenTransitionUITests.xctest */ = {isa = PBXFileReference; explicitFileType = wrapper.cfbundle; includeInIndex = 0; path = ScreenTransitionUITests.xctest; sourceTree = BUILT_PRODUCTS_DIR; };
		F64AF25E2850B2890098CCE4 /* ScreenTransitionUITests.swift */ = {isa = PBXFileReference; lastKnownFileType = sourcecode.swift; path = ScreenTransitionUITests.swift; sourceTree = "<group>"; };
		F64AF2602850B2890098CCE4 /* ScreenTransitionUITestsLaunchTests.swift */ = {isa = PBXFileReference; lastKnownFileType = sourcecode.swift; path = ScreenTransitionUITestsLaunchTests.swift; sourceTree = "<group>"; };
		F64AF26F2850D9190098CCE4 /* SegueViewController.swift */ = {isa = PBXFileReference; lastKnownFileType = sourcecode.swift; path = SegueViewController.swift; sourceTree = "<group>"; };
		F69F722C285238A4000D8763 /* codepresentViewController.swift */ = {isa = PBXFileReference; lastKnownFileType = sourcecode.swift; path = codepresentViewController.swift; sourceTree = "<group>"; };
/* End PBXFileReference section */

/* Begin PBXFrameworksBuildPhase section */
		F64AF2372850B2870098CCE4 /* Frameworks */ = {
			isa = PBXFrameworksBuildPhase;
			buildActionMask = 2147483647;
			files = (
			);
			runOnlyForDeploymentPostprocessing = 0;
		};
		F64AF24D2850B2890098CCE4 /* Frameworks */ = {
			isa = PBXFrameworksBuildPhase;
			buildActionMask = 2147483647;
			files = (
			);
			runOnlyForDeploymentPostprocessing = 0;
		};
		F64AF2572850B2890098CCE4 /* Frameworks */ = {
			isa = PBXFrameworksBuildPhase;
			buildActionMask = 2147483647;
			files = (
			);
			runOnlyForDeploymentPostprocessing = 0;
		};
/* End PBXFrameworksBuildPhase section */

/* Begin PBXGroup section */
		F64AF2312850B2870098CCE4 = {
			isa = PBXGroup;
			children = (
				F64AF23C2850B2870098CCE4 /* ScreenTransition */,
				F64AF2532850B2890098CCE4 /* ScreenTransitionTests */,
				F64AF25D2850B2890098CCE4 /* ScreenTransitionUITests */,
				F64AF23B2850B2870098CCE4 /* Products */,
			);
			sourceTree = "<group>";
		};
		F64AF23B2850B2870098CCE4 /* Products */ = {
			isa = PBXGroup;
			children = (
				F64AF23A2850B2870098CCE4 /* ScreenTransition.app */,
				F64AF2502850B2890098CCE4 /* ScreenTransitionTests.xctest */,
				F64AF25A2850B2890098CCE4 /* ScreenTransitionUITests.xctest */,
			);
			name = Products;
			sourceTree = "<group>";
		};
		F64AF23C2850B2870098CCE4 /* ScreenTransition */ = {
			isa = PBXGroup;
			children = (
				F64AF23D2850B2870098CCE4 /* AppDelegate.swift */,
				F64AF23F2850B2870098CCE4 /* SceneDelegate.swift */,
				F64AF2412850B2870098CCE4 /* ViewController.swift */,
				F64AF2432850B2870098CCE4 /* Main.storyboard */,
				F64AF2462850B2890098CCE4 /* Assets.xcassets */,
				F64AF2482850B2890098CCE4 /* LaunchScreen.storyboard */,
				F64AF24B2850B2890098CCE4 /* Info.plist */,
				F64AF26F2850D9190098CCE4 /* SegueViewController.swift */,
				F64A98122850E39A006F2D9D /* SeguePresentViewController.swift */,
				F6064E3F285236E2008DC675 /* codepushViewController.swift */,
				F69F722C285238A4000D8763 /* codepresentViewController.swift */,
			);
			path = ScreenTransition;
			sourceTree = "<group>";
		};
		F64AF2532850B2890098CCE4 /* ScreenTransitionTests */ = {
			isa = PBXGroup;
			children = (
				F64AF2542850B2890098CCE4 /* ScreenTransitionTests.swift */,
			);
			path = ScreenTransitionTests;
			sourceTree = "<group>";
		};
		F64AF25D2850B2890098CCE4 /* ScreenTransitionUITests */ = {
			isa = PBXGroup;
			children = (
				F64AF25E2850B2890098CCE4 /* ScreenTransitionUITests.swift */,
				F64AF2602850B2890098CCE4 /* ScreenTransitionUITestsLaunchTests.swift */,
			);
			path = ScreenTransitionUITests;
			sourceTree = "<group>";
		};
/* End PBXGroup section */

/* Begin PBXNativeTarget section */
		F64AF2392850B2870098CCE4 /* ScreenTransition */ = {
			isa = PBXNativeTarget;
			buildConfigurationList = F64AF2642850B2890098CCE4 /* Build configuration list for PBXNativeTarget "ScreenTransition" */;
			buildPhases = (
				F64AF2362850B2870098CCE4 /* Sources */,
				F64AF2372850B2870098CCE4 /* Frameworks */,
				F64AF2382850B2870098CCE4 /* Resources */,
			);
			buildRules = (
			);
			dependencies = (
			);
			name = ScreenTransition;
			productName = ScreenTransition;
			productReference = F64AF23A2850B2870098CCE4 /* ScreenTransition.app */;
			productType = "com.apple.product-type.application";
		};
		F64AF24F2850B2890098CCE4 /* ScreenTransitionTests */ = {
			isa = PBXNativeTarget;
			buildConfigurationList = F64AF2672850B2890098CCE4 /* Build configuration list for PBXNativeTarget "ScreenTransitionTests" */;
			buildPhases = (
				F64AF24C2850B2890098CCE4 /* Sources */,
				F64AF24D2850B2890098CCE4 /* Frameworks */,
				F64AF24E2850B2890098CCE4 /* Resources */,
			);
			buildRules = (
			);
			dependencies = (
				F64AF2522850B2890098CCE4 /* PBXTargetDependency */,
			);
			name = ScreenTransitionTests;
			productName = ScreenTransitionTests;
			productReference = F64AF2502850B2890098CCE4 /* ScreenTransitionTests.xctest */;
			productType = "com.apple.product-type.bundle.unit-test";
		};
		F64AF2592850B2890098CCE4 /* ScreenTransitionUITests */ = {
			isa = PBXNativeTarget;
			buildConfigurationList = F64AF26A2850B2890098CCE4 /* Build configuration list for PBXNativeTarget "ScreenTransitionUITests" */;
			buildPhases = (
				F64AF2562850B2890098CCE4 /* Sources */,
				F64AF2572850B2890098CCE4 /* Frameworks */,
				F64AF2582850B2890098CCE4 /* Resources */,
			);
			buildRules = (
			);
			dependencies = (
				F64AF25C2850B2890098CCE4 /* PBXTargetDependency */,
			);
			name = ScreenTransitionUITests;
			productName = ScreenTransitionUITests;
			productReference = F64AF25A2850B2890098CCE4 /* ScreenTransitionUITests.xctest */;
			productType = "com.apple.product-type.bundle.ui-testing";
		};
/* End PBXNativeTarget section */

/* Begin PBXProject section */
		F64AF2322850B2870098CCE4 /* Project object */ = {
			isa = PBXProject;
			attributes = {
				BuildIndependentTargetsInParallel = 1;
				LastSwiftUpdateCheck = 1340;
				LastUpgradeCheck = 1340;
				TargetAttributes = {
					F64AF2392850B2870098CCE4 = {
						CreatedOnToolsVersion = 13.4;
					};
					F64AF24F2850B2890098CCE4 = {
						CreatedOnToolsVersion = 13.4;
						TestTargetID = F64AF2392850B2870098CCE4;
					};
					F64AF2592850B2890098CCE4 = {
						CreatedOnToolsVersion = 13.4;
						TestTargetID = F64AF2392850B2870098CCE4;
					};
				};
			};
			buildConfigurationList = F64AF2352850B2870098CCE4 /* Build configuration list for PBXProject "ScreenTransition" */;
			compatibilityVersion = "Xcode 13.0";
			developmentRegion = en;
			hasScannedForEncodings = 0;
			knownRegions = (
				en,
				Base,
			);
			mainGroup = F64AF2312850B2870098CCE4;
			productRefGroup = F64AF23B2850B2870098CCE4 /* Products */;
			projectDirPath = "";
			projectRoot = "";
			targets = (
				F64AF2392850B2870098CCE4 /* ScreenTransition */,
				F64AF24F2850B2890098CCE4 /* ScreenTransitionTests */,
				F64AF2592850B2890098CCE4 /* ScreenTransitionUITests */,
			);
		};
/* End PBXProject section */

/* Begin PBXResourcesBuildPhase section */
		F64AF2382850B2870098CCE4 /* Resources */ = {
			isa = PBXResourcesBuildPhase;
			buildActionMask = 2147483647;
			files = (
				F64AF24A2850B2890098CCE4 /* LaunchScreen.storyboard in Resources */,
				F64AF2472850B2890098CCE4 /* Assets.xcassets in Resources */,
				F64AF2452850B2870098CCE4 /* Main.storyboard in Resources */,
			);
			runOnlyForDeploymentPostprocessing = 0;
		};
		F64AF24E2850B2890098CCE4 /* Resources */ = {
			isa = PBXResourcesBuildPhase;
			buildActionMask = 2147483647;
			files = (
			);
			runOnlyForDeploymentPostprocessing = 0;
		};
		F64AF2582850B2890098CCE4 /* Resources */ = {
			isa = PBXResourcesBuildPhase;
			buildActionMask = 2147483647;
			files = (
			);
			runOnlyForDeploymentPostprocessing = 0;
		};
/* End PBXResourcesBuildPhase section */

/* Begin PBXSourcesBuildPhase section */
		F64AF2362850B2870098CCE4 /* Sources */ = {
			isa = PBXSourcesBuildPhase;
			buildActionMask = 2147483647;
			files = (
				F64AF2702850D9190098CCE4 /* SegueViewController.swift in Sources */,
				F6064E40285236E2008DC675 /* codepushViewController.swift in Sources */,
				F64AF2422850B2870098CCE4 /* ViewController.swift in Sources */,
				F69F722D285238A4000D8763 /* codepresentViewController.swift in Sources */,
				F64AF23E2850B2870098CCE4 /* AppDelegate.swift in Sources */,
				F64A98132850E39A006F2D9D /* SeguePresentViewController.swift in Sources */,
				F64AF2402850B2870098CCE4 /* SceneDelegate.swift in Sources */,
			);
			runOnlyForDeploymentPostprocessing = 0;
		};
		F64AF24C2850B2890098CCE4 /* Sources */ = {
			isa = PBXSourcesBuildPhase;
			buildActionMask = 2147483647;
			files = (
				F64AF2552850B2890098CCE4 /* ScreenTransitionTests.swift in Sources */,
			);
			runOnlyForDeploymentPostprocessing = 0;
		};
		F64AF2562850B2890098CCE4 /* Sources */ = {
			isa = PBXSourcesBuildPhase;
			buildActionMask = 2147483647;
			files = (
				F64AF25F2850B2890098CCE4 /* ScreenTransitionUITests.swift in Sources */,
				F64AF2612850B2890098CCE4 /* ScreenTransitionUITestsLaunchTests.swift in Sources */,
			);
			runOnlyForDeploymentPostprocessing = 0;
		};
/* End PBXSourcesBuildPhase section */

/* Begin PBXTargetDependency section */
		F64AF2522850B2890098CCE4 /* PBXTargetDependency */ = {
			isa = PBXTargetDependency;
			target = F64AF2392850B2870098CCE4 /* ScreenTransition */;
			targetProxy = F64AF2512850B2890098CCE4 /* PBXContainerItemProxy */;
		};
		F64AF25C2850B2890098CCE4 /* PBXTargetDependency */ = {
			isa = PBXTargetDependency;
			target = F64AF2392850B2870098CCE4 /* ScreenTransition */;
			targetProxy = F64AF25B2850B2890098CCE4 /* PBXContainerItemProxy */;
		};
/* End PBXTargetDependency section */

/* Begin PBXVariantGroup section */
		F64AF2432850B2870098CCE4 /* Main.storyboard */ = {
			isa = PBXVariantGroup;
			children = (
				F64AF2442850B2870098CCE4 /* Base */,
			);
			name = Main.storyboard;
			sourceTree = "<group>";
		};
		F64AF2482850B2890098CCE4 /* LaunchScreen.storyboard */ = {
			isa = PBXVariantGroup;
			children = (
				F64AF2492850B2890098CCE4 /* Base */,
			);
			name = LaunchScreen.storyboard;
			sourceTree = "<group>";
		};
/* End PBXVariantGroup section */

/* Begin XCBuildConfiguration section */
		F64AF2622850B2890098CCE4 /* Debug */ = {
			isa = XCBuildConfiguration;
			buildSettings = {
				ALWAYS_SEARCH_USER_PATHS = NO;
				CLANG_ANALYZER_NONNULL = YES;
				CLANG_ANALYZER_NUMBER_OBJECT_CONVERSION = YES_AGGRESSIVE;
				CLANG_CXX_LANGUAGE_STANDARD = "gnu++17";
				CLANG_ENABLE_MODULES = YES;
				CLANG_ENABLE_OBJC_ARC = YES;
				CLANG_ENABLE_OBJC_WEAK = YES;
				CLANG_WARN_BLOCK_CAPTURE_AUTORELEASING = YES;
				CLANG_WARN_BOOL_CONVERSION = YES;
				CLANG_WARN_COMMA = YES;
				CLANG_WARN_CONSTANT_CONVERSION = YES;
				CLANG_WARN_DEPRECATED_OBJC_IMPLEMENTATIONS = YES;
				CLANG_WARN_DIRECT_OBJC_ISA_USAGE = YES_ERROR;
				CLANG_WARN_DOCUMENTATION_COMMENTS = YES;
				CLANG_WARN_EMPTY_BODY = YES;
				CLANG_WARN_ENUM_CONVERSION = YES;
				CLANG_WARN_INFINITE_RECURSION = YES;
				CLANG_WARN_INT_CONVERSION = YES;
				CLANG_WARN_NON_LITERAL_NULL_CONVERSION = YES;
				CLANG_WARN_OBJC_IMPLICIT_RETAIN_SELF = YES;
				CLANG_WARN_OBJC_LITERAL_CONVERSION = YES;
				CLANG_WARN_OBJC_ROOT_CLASS = YES_ERROR;
				CLANG_WARN_QUOTED_INCLUDE_IN_FRAMEWORK_HEADER = YES;
				CLANG_WARN_RANGE_LOOP_ANALYSIS = YES;
				CLANG_WARN_STRICT_PROTOTYPES = YES;
				CLANG_WARN_SUSPICIOUS_MOVE = YES;
				CLANG_WARN_UNGUARDED_AVAILABILITY = YES_AGGRESSIVE;
				CLANG_WARN_UNREACHABLE_CODE = YES;
				CLANG_WARN__DUPLICATE_METHOD_MATCH = YES;
				COPY_PHASE_STRIP = NO;
				DEBUG_INFORMATION_FORMAT = dwarf;
				ENABLE_STRICT_OBJC_MSGSEND = YES;
				ENABLE_TESTABILITY = YES;
				GCC_C_LANGUAGE_STANDARD = gnu11;
				GCC_DYNAMIC_NO_PIC = NO;
				GCC_NO_COMMON_BLOCKS = YES;
				GCC_OPTIMIZATION_LEVEL = 0;
				GCC_PREPROCESSOR_DEFINITIONS = (
					"DEBUG=1",
					"$(inherited)",
				);
				GCC_WARN_64_TO_32_BIT_CONVERSION = YES;
				GCC_WARN_ABOUT_RETURN_TYPE = YES_ERROR;
				GCC_WARN_UNDECLARED_SELECTOR = YES;
				GCC_WARN_UNINITIALIZED_AUTOS = YES_AGGRESSIVE;
				GCC_WARN_UNUSED_FUNCTION = YES;
				GCC_WARN_UNUSED_VARIABLE = YES;
				IPHONEOS_DEPLOYMENT_TARGET = 15.5;
				MTL_ENABLE_DEBUG_INFO = INCLUDE_SOURCE;
				MTL_FAST_MATH = YES;
				ONLY_ACTIVE_ARCH = YES;
				SDKROOT = iphoneos;
				SWIFT_ACTIVE_COMPILATION_CONDITIONS = DEBUG;
				SWIFT_OPTIMIZATION_LEVEL = "-Onone";
			};
			name = Debug;
		};
		F64AF2632850B2890098CCE4 /* Release */ = {
			isa = XCBuildConfiguration;
			buildSettings = {
				ALWAYS_SEARCH_USER_PATHS = NO;
				CLANG_ANALYZER_NONNULL = YES;
				CLANG_ANALYZER_NUMBER_OBJECT_CONVERSION = YES_AGGRESSIVE;
				CLANG_CXX_LANGUAGE_STANDARD = "gnu++17";
				CLANG_ENABLE_MODULES = YES;
				CLANG_ENABLE_OBJC_ARC = YES;
				CLANG_ENABLE_OBJC_WEAK = YES;
				CLANG_WARN_BLOCK_CAPTURE_AUTORELEASING = YES;
				CLANG_WARN_BOOL_CONVERSION = YES;
				CLANG_WARN_COMMA = YES;
				CLANG_WARN_CONSTANT_CONVERSION = YES;
				CLANG_WARN_DEPRECATED_OBJC_IMPLEMENTATIONS = YES;
				CLANG_WARN_DIRECT_OBJC_ISA_USAGE = YES_ERROR;
				CLANG_WARN_DOCUMENTATION_COMMENTS = YES;
				CLANG_WARN_EMPTY_BODY = YES;
				CLANG_WARN_ENUM_CONVERSION = YES;
				CLANG_WARN_INFINITE_RECURSION = YES;
				CLANG_WARN_INT_CONVERSION = YES;
				CLANG_WARN_NON_LITERAL_NULL_CONVERSION = YES;
				CLANG_WARN_OBJC_IMPLICIT_RETAIN_SELF = YES;
				CLANG_WARN_OBJC_LITERAL_CONVERSION = YES;
				CLANG_WARN_OBJC_ROOT_CLASS = YES_ERROR;
				CLANG_WARN_QUOTED_INCLUDE_IN_FRAMEWORK_HEADER = YES;
				CLANG_WARN_RANGE_LOOP_ANALYSIS = YES;
				CLANG_WARN_STRICT_PROTOTYPES = YES;
				CLANG_WARN_SUSPICIOUS_MOVE = YES;
				CLANG_WARN_UNGUARDED_AVAILABILITY = YES_AGGRESSIVE;
				CLANG_WARN_UNREACHABLE_CODE = YES;
				CLANG_WARN__DUPLICATE_METHOD_MATCH = YES;
				COPY_PHASE_STRIP = NO;
				DEBUG_INFORMATION_FORMAT = "dwarf-with-dsym";
				ENABLE_NS_ASSERTIONS = NO;
				ENABLE_STRICT_OBJC_MSGSEND = YES;
				GCC_C_LANGUAGE_STANDARD = gnu11;
				GCC_NO_COMMON_BLOCKS = YES;
				GCC_WARN_64_TO_32_BIT_CONVERSION = YES;
				GCC_WARN_ABOUT_RETURN_TYPE = YES_ERROR;
				GCC_WARN_UNDECLARED_SELECTOR = YES;
				GCC_WARN_UNINITIALIZED_AUTOS = YES_AGGRESSIVE;
				GCC_WARN_UNUSED_FUNCTION = YES;
				GCC_WARN_UNUSED_VARIABLE = YES;
				IPHONEOS_DEPLOYMENT_TARGET = 15.5;
				MTL_ENABLE_DEBUG_INFO = NO;
				MTL_FAST_MATH = YES;
				SDKROOT = iphoneos;
				SWIFT_COMPILATION_MODE = wholemodule;
				SWIFT_OPTIMIZATION_LEVEL = "-O";
				VALIDATE_PRODUCT = YES;
			};
			name = Release;
		};
		F64AF2652850B2890098CCE4 /* Debug */ = {
			isa = XCBuildConfiguration;
			buildSettings = {
				ASSETCATALOG_COMPILER_APPICON_NAME = AppIcon;
				ASSETCATALOG_COMPILER_GLOBAL_ACCENT_COLOR_NAME = AccentColor;
				CODE_SIGN_STYLE = Automatic;
				CURRENT_PROJECT_VERSION = 1;
				GENERATE_INFOPLIST_FILE = YES;
				INFOPLIST_FILE = ScreenTransition/Info.plist;
				INFOPLIST_KEY_UIApplicationSupportsIndirectInputEvents = YES;
				INFOPLIST_KEY_UILaunchStoryboardName = LaunchScreen;
				INFOPLIST_KEY_UIMainStoryboardFile = Main;
				INFOPLIST_KEY_UISupportedInterfaceOrientations_iPad = "UIInterfaceOrientationPortrait UIInterfaceOrientationPortraitUpsideDown UIInterfaceOrientationLandscapeLeft UIInterfaceOrientationLandscapeRight";
				INFOPLIST_KEY_UISupportedInterfaceOrientations_iPhone = "UIInterfaceOrientationPortrait UIInterfaceOrientationLandscapeLeft UIInterfaceOrientationLandscapeRight";
				LD_RUNPATH_SEARCH_PATHS = (
					"$(inherited)",
					"@executable_path/Frameworks",
				);
				MARKETING_VERSION = 1.0;
				PRODUCT_BUNDLE_IDENTIFIER = SeungHui.Huh.ScreenTransition;
				PRODUCT_NAME = "$(TARGET_NAME)";
				SWIFT_EMIT_LOC_STRINGS = YES;
				SWIFT_VERSION = 5.0;
				TARGETED_DEVICE_FAMILY = "1,2";
			};
			name = Debug;
		};
		F64AF2662850B2890098CCE4 /* Release */ = {
			isa = XCBuildConfiguration;
			buildSettings = {
				ASSETCATALOG_COMPILER_APPICON_NAME = AppIcon;
				ASSETCATALOG_COMPILER_GLOBAL_ACCENT_COLOR_NAME = AccentColor;
				CODE_SIGN_STYLE = Automatic;
				CURRENT_PROJECT_VERSION = 1;
				GENERATE_INFOPLIST_FILE = YES;
				INFOPLIST_FILE = ScreenTransition/Info.plist;
				INFOPLIST_KEY_UIApplicationSupportsIndirectInputEvents = YES;
				INFOPLIST_KEY_UILaunchStoryboardName = LaunchScreen;
				INFOPLIST_KEY_UIMainStoryboardFile = Main;
				INFOPLIST_KEY_UISupportedInterfaceOrientations_iPad = "UIInterfaceOrientationPortrait UIInterfaceOrientationPortraitUpsideDown UIInterfaceOrientationLandscapeLeft UIInterfaceOrientationLandscapeRight";
				INFOPLIST_KEY_UISupportedInterfaceOrientations_iPhone = "UIInterfaceOrientationPortrait UIInterfaceOrientationLandscapeLeft UIInterfaceOrientationLandscapeRight";
				LD_RUNPATH_SEARCH_PATHS = (
					"$(inherited)",
					"@executable_path/Frameworks",
				);
				MARKETING_VERSION = 1.0;
				PRODUCT_BUNDLE_IDENTIFIER = SeungHui.Huh.ScreenTransition;
				PRODUCT_NAME = "$(TARGET_NAME)";
				SWIFT_EMIT_LOC_STRINGS = YES;
				SWIFT_VERSION = 5.0;
				TARGETED_DEVICE_FAMILY = "1,2";
			};
			name = Release;
		};
		F64AF2682850B2890098CCE4 /* Debug */ = {
			isa = XCBuildConfiguration;
			buildSettings = {
				ALWAYS_EMBED_SWIFT_STANDARD_LIBRARIES = YES;
				BUNDLE_LOADER = "$(TEST_HOST)";
				CODE_SIGN_STYLE = Automatic;
				CURRENT_PROJECT_VERSION = 1;
				GENERATE_INFOPLIST_FILE = YES;
				IPHONEOS_DEPLOYMENT_TARGET = 15.5;
				MARKETING_VERSION = 1.0;
				PRODUCT_BUNDLE_IDENTIFIER = SeungHui.Huh.ScreenTransitionTests;
				PRODUCT_NAME = "$(TARGET_NAME)";
				SWIFT_EMIT_LOC_STRINGS = NO;
				SWIFT_VERSION = 5.0;
				TARGETED_DEVICE_FAMILY = "1,2";
				TEST_HOST = "$(BUILT_PRODUCTS_DIR)/ScreenTransition.app/ScreenTransition";
			};
			name = Debug;
		};
		F64AF2692850B2890098CCE4 /* Release */ = {
			isa = XCBuildConfiguration;
			buildSettings = {
				ALWAYS_EMBED_SWIFT_STANDARD_LIBRARIES = YES;
				BUNDLE_LOADER = "$(TEST_HOST)";
				CODE_SIGN_STYLE = Automatic;
				CURRENT_PROJECT_VERSION = 1;
				GENERATE_INFOPLIST_FILE = YES;
				IPHONEOS_DEPLOYMENT_TARGET = 15.5;
				MARKETING_VERSION = 1.0;
				PRODUCT_BUNDLE_IDENTIFIER = SeungHui.Huh.ScreenTransitionTests;
				PRODUCT_NAME = "$(TARGET_NAME)";
				SWIFT_EMIT_LOC_STRINGS = NO;
				SWIFT_VERSION = 5.0;
				TARGETED_DEVICE_FAMILY = "1,2";
				TEST_HOST = "$(BUILT_PRODUCTS_DIR)/ScreenTransition.app/ScreenTransition";
			};
			name = Release;
		};
		F64AF26B2850B2890098CCE4 /* Debug */ = {
			isa = XCBuildConfiguration;
			buildSettings = {
				ALWAYS_EMBED_SWIFT_STANDARD_LIBRARIES = YES;
				CODE_SIGN_STYLE = Automatic;
				CURRENT_PROJECT_VERSION = 1;
				GENERATE_INFOPLIST_FILE = YES;
				MARKETING_VERSION = 1.0;
				PRODUCT_BUNDLE_IDENTIFIER = SeungHui.Huh.ScreenTransitionUITests;
				PRODUCT_NAME = "$(TARGET_NAME)";
				SWIFT_EMIT_LOC_STRINGS = NO;
				SWIFT_VERSION = 5.0;
				TARGETED_DEVICE_FAMILY = "1,2";
				TEST_TARGET_NAME = ScreenTransition;
			};
			name = Debug;
		};
		F64AF26C2850B2890098CCE4 /* Release */ = {
			isa = XCBuildConfiguration;
			buildSettings = {
				ALWAYS_EMBED_SWIFT_STANDARD_LIBRARIES = YES;
				CODE_SIGN_STYLE = Automatic;
				CURRENT_PROJECT_VERSION = 1;
				GENERATE_INFOPLIST_FILE = YES;
				MARKETING_VERSION = 1.0;
				PRODUCT_BUNDLE_IDENTIFIER = SeungHui.Huh.ScreenTransitionUITests;
				PRODUCT_NAME = "$(TARGET_NAME)";
				SWIFT_EMIT_LOC_STRINGS = NO;
				SWIFT_VERSION = 5.0;
				TARGETED_DEVICE_FAMILY = "1,2";
				TEST_TARGET_NAME = ScreenTransition;
			};
			name = Release;
		};
/* End XCBuildConfiguration section */

/* Begin XCConfigurationList section */
		F64AF2352850B2870098CCE4 /* Build configuration list for PBXProject "ScreenTransition" */ = {
			isa = XCConfigurationList;
			buildConfigurations = (
				F64AF2622850B2890098CCE4 /* Debug */,
				F64AF2632850B2890098CCE4 /* Release */,
			);
			defaultConfigurationIsVisible = 0;
			defaultConfigurationName = Release;
		};
		F64AF2642850B2890098CCE4 /* Build configuration list for PBXNativeTarget "ScreenTransition" */ = {
			isa = XCConfigurationList;
			buildConfigurations = (
				F64AF2652850B2890098CCE4 /* Debug */,
				F64AF2662850B2890098CCE4 /* Release */,
			);
			defaultConfigurationIsVisible = 0;
			defaultConfigurationName = Release;
		};
		F64AF2672850B2890098CCE4 /* Build configuration list for PBXNativeTarget "ScreenTransitionTests" */ = {
			isa = XCConfigurationList;
			buildConfigurations = (
				F64AF2682850B2890098CCE4 /* Debug */,
				F64AF2692850B2890098CCE4 /* Release */,
			);
			defaultConfigurationIsVisible = 0;
			defaultConfigurationName = Release;
		};
		F64AF26A2850B2890098CCE4 /* Build configuration list for PBXNativeTarget "ScreenTransitionUITests" */ = {
			isa = XCConfigurationList;
			buildConfigurations = (
				F64AF26B2850B2890098CCE4 /* Debug */,
				F64AF26C2850B2890098CCE4 /* Release */,
			);
			defaultConfigurationIsVisible = 0;
			defaultConfigurationName = Release;
		};
/* End XCConfigurationList section */
	};
	rootObject = F64AF2322850B2870098CCE4 /* Project object */;
}
